// !$*UTF8*$!
{
	archiveVersion = 1;
	classes = {
	};
	objectVersion = 46;
	objects = {

/* Begin PBXAggregateTarget section */
		BA1A73331612F718005D7E9E /* Framework */ = {
			isa = PBXAggregateTarget;
			buildConfigurationList = BA1A73341612F719005D7E9E /* Build configuration list for PBXAggregateTarget "Framework" */;
			buildPhases = (
				BA1A73391612F74F005D7E9E /* Build Framework Script */,
			);
			dependencies = (
				BA1A73381612F724005D7E9E /* PBXTargetDependency */,
			);
			name = Framework;
			productName = Framework;
		};
/* End PBXAggregateTarget section */

/* Begin PBXBuildFile section */
		BA1A72E81612F186005D7E9E /* Foundation.framework in Frameworks */ = {isa = PBXBuildFile; fileRef = BA1A72E71612F186005D7E9E /* Foundation.framework */; };
		BA1A73031612F20E005D7E9E /* CMessageBroker.cpp in Sources */ = {isa = PBXBuildFile; fileRef = BA1A72FB1612F20E005D7E9E /* CMessageBroker.cpp */; };
		BA1A73041612F20E005D7E9E /* CMessageBrokerRegistry.cpp in Sources */ = {isa = PBXBuildFile; fileRef = BA1A72FC1612F20E005D7E9E /* CMessageBrokerRegistry.cpp */; };
		BA1A73051612F20E005D7E9E /* md5.cpp in Sources */ = {isa = PBXBuildFile; fileRef = BA1A72FE1612F20E005D7E9E /* md5.cpp */; };
		BA1A73061612F20E005D7E9E /* system.cpp in Sources */ = {isa = PBXBuildFile; fileRef = BA1A73011612F20E005D7E9E /* system.cpp */; };
		BA1A73071612F20E005D7E9E /* websocket_handler.cpp in Sources */ = {isa = PBXBuildFile; fileRef = BA1A73021612F20E005D7E9E /* websocket_handler.cpp */; };
		BA1A73121612F234005D7E9E /* json_reader.cpp in Sources */ = {isa = PBXBuildFile; fileRef = BA1A730C1612F234005D7E9E /* json_reader.cpp */; };
		BA1A73131612F234005D7E9E /* json_value.cpp in Sources */ = {isa = PBXBuildFile; fileRef = BA1A730E1612F234005D7E9E /* json_value.cpp */; };
		BA1A73141612F234005D7E9E /* json_writer.cpp in Sources */ = {isa = PBXBuildFile; fileRef = BA1A73101612F234005D7E9E /* json_writer.cpp */; };
		BA1A73201612F2C2005D7E9E /* CMessageBroker.hpp in Headers */ = {isa = PBXBuildFile; fileRef = BA1A72F51612F1F1005D7E9E /* CMessageBroker.hpp */; settings = {ATTRIBUTES = (Public, ); }; };
		BA1A73221612F2C2005D7E9E /* CSender.hpp in Headers */ = {isa = PBXBuildFile; fileRef = BA1A72F71612F1F1005D7E9E /* CSender.hpp */; settings = {ATTRIBUTES = (Public, ); }; };
		BA1A73241612F2C2005D7E9E /* websocket_handler.hpp in Headers */ = {isa = PBXBuildFile; fileRef = BA1A72F91612F1F1005D7E9E /* websocket_handler.hpp */; settings = {ATTRIBUTES = (Public, ); }; };
/* End PBXBuildFile section */

/* Begin PBXContainerItemProxy section */
		BA1A73371612F724005D7E9E /* PBXContainerItemProxy */ = {
			isa = PBXContainerItemProxy;
			containerPortal = BA1A72DB1612F186005D7E9E /* Project object */;
			proxyType = 1;
			remoteGlobalIDString = BA1A72E31612F186005D7E9E;
			remoteInfo = MessageBroker;
		};
/* End PBXContainerItemProxy section */

/* Begin PBXFileReference section */
		BA1A72E41612F186005D7E9E /* libMessageBroker.a */ = {isa = PBXFileReference; explicitFileType = archive.ar; includeInIndex = 0; path = libMessageBroker.a; sourceTree = BUILT_PRODUCTS_DIR; };
		BA1A72E71612F186005D7E9E /* Foundation.framework */ = {isa = PBXFileReference; lastKnownFileType = wrapper.framework; name = Foundation.framework; path = System/Library/Frameworks/Foundation.framework; sourceTree = SDKROOT; };
		BA1A72EB1612F186005D7E9E /* MessageBroker-Prefix.pch */ = {isa = PBXFileReference; lastKnownFileType = sourcecode.c.h; path = "MessageBroker-Prefix.pch"; sourceTree = "<group>"; };
		BA1A72F51612F1F1005D7E9E /* CMessageBroker.hpp */ = {isa = PBXFileReference; fileEncoding = 4; lastKnownFileType = sourcecode.cpp.h; name = CMessageBroker.hpp; path = ../../../../../common/MessageBroker/include/CMessageBroker.hpp; sourceTree = "<group>"; };
		BA1A72F61612F1F1005D7E9E /* CMessageBrokerRegistry.hpp */ = {isa = PBXFileReference; fileEncoding = 4; lastKnownFileType = sourcecode.cpp.h; name = CMessageBrokerRegistry.hpp; path = ../../../../../common/MessageBroker/include/CMessageBrokerRegistry.hpp; sourceTree = "<group>"; };
		BA1A72F71612F1F1005D7E9E /* CSender.hpp */ = {isa = PBXFileReference; fileEncoding = 4; lastKnownFileType = sourcecode.cpp.h; name = CSender.hpp; path = ../../../../../common/MessageBroker/include/CSender.hpp; sourceTree = "<group>"; };
		BA1A72F81612F1F1005D7E9E /* system.h */ = {isa = PBXFileReference; fileEncoding = 4; lastKnownFileType = sourcecode.c.h; name = system.h; path = ../../../../../common/MessageBroker/include/system.h; sourceTree = "<group>"; };
		BA1A72F91612F1F1005D7E9E /* websocket_handler.hpp */ = {isa = PBXFileReference; fileEncoding = 4; lastKnownFileType = sourcecode.cpp.h; name = websocket_handler.hpp; path = ../../../../../common/MessageBroker/include/websocket_handler.hpp; sourceTree = "<group>"; };
		BA1A72FB1612F20E005D7E9E /* CMessageBroker.cpp */ = {isa = PBXFileReference; fileEncoding = 4; lastKnownFileType = sourcecode.cpp.cpp; path = CMessageBroker.cpp; sourceTree = "<group>"; };
		BA1A72FC1612F20E005D7E9E /* CMessageBrokerRegistry.cpp */ = {isa = PBXFileReference; fileEncoding = 4; lastKnownFileType = sourcecode.cpp.cpp; path = CMessageBrokerRegistry.cpp; sourceTree = "<group>"; };
		BA1A72FD1612F20E005D7E9E /* libMBDebugHelper.h */ = {isa = PBXFileReference; fileEncoding = 4; lastKnownFileType = sourcecode.c.h; path = libMBDebugHelper.h; sourceTree = "<group>"; };
		BA1A72FE1612F20E005D7E9E /* md5.cpp */ = {isa = PBXFileReference; fileEncoding = 4; lastKnownFileType = sourcecode.cpp.cpp; path = md5.cpp; sourceTree = "<group>"; };
		BA1A72FF1612F20E005D7E9E /* md5.h */ = {isa = PBXFileReference; fileEncoding = 4; lastKnownFileType = sourcecode.c.h; path = md5.h; sourceTree = "<group>"; };
		BA1A73011612F20E005D7E9E /* system.cpp */ = {isa = PBXFileReference; fileEncoding = 4; lastKnownFileType = sourcecode.cpp.cpp; path = system.cpp; sourceTree = "<group>"; };
		BA1A73021612F20E005D7E9E /* websocket_handler.cpp */ = {isa = PBXFileReference; fileEncoding = 4; lastKnownFileType = sourcecode.cpp.cpp; path = websocket_handler.cpp; sourceTree = "<group>"; };
		BA1A73091612F234005D7E9E /* json_batchallocator.h */ = {isa = PBXFileReference; fileEncoding = 4; lastKnownFileType = sourcecode.c.h; path = json_batchallocator.h; sourceTree = "<group>"; };
		BA1A730A1612F234005D7E9E /* json_internalarray.inl */ = {isa = PBXFileReference; fileEncoding = 4; lastKnownFileType = text; path = json_internalarray.inl; sourceTree = "<group>"; };
		BA1A730B1612F234005D7E9E /* json_internalmap.inl */ = {isa = PBXFileReference; fileEncoding = 4; lastKnownFileType = text; path = json_internalmap.inl; sourceTree = "<group>"; };
		BA1A730C1612F234005D7E9E /* json_reader.cpp */ = {isa = PBXFileReference; fileEncoding = 4; lastKnownFileType = sourcecode.cpp.cpp; path = json_reader.cpp; sourceTree = "<group>"; };
		BA1A730D1612F234005D7E9E /* json_tool.h */ = {isa = PBXFileReference; fileEncoding = 4; lastKnownFileType = sourcecode.c.h; path = json_tool.h; sourceTree = "<group>"; };
		BA1A730E1612F234005D7E9E /* json_value.cpp */ = {isa = PBXFileReference; fileEncoding = 4; lastKnownFileType = sourcecode.cpp.cpp; path = json_value.cpp; sourceTree = "<group>"; };
		BA1A730F1612F234005D7E9E /* json_valueiterator.inl */ = {isa = PBXFileReference; fileEncoding = 4; lastKnownFileType = text; path = json_valueiterator.inl; sourceTree = "<group>"; };
		BA1A73101612F234005D7E9E /* json_writer.cpp */ = {isa = PBXFileReference; fileEncoding = 4; lastKnownFileType = sourcecode.cpp.cpp; path = json_writer.cpp; sourceTree = "<group>"; };
		BA1A73161612F263005D7E9E /* assertions.h */ = {isa = PBXFileReference; fileEncoding = 4; lastKnownFileType = sourcecode.c.h; path = assertions.h; sourceTree = "<group>"; };
		BA1A73171612F263005D7E9E /* autolink.h */ = {isa = PBXFileReference; fileEncoding = 4; lastKnownFileType = sourcecode.c.h; path = autolink.h; sourceTree = "<group>"; };
		BA1A73181612F263005D7E9E /* config.h */ = {isa = PBXFileReference; fileEncoding = 4; lastKnownFileType = sourcecode.c.h; path = config.h; sourceTree = "<group>"; };
		BA1A73191612F263005D7E9E /* features.h */ = {isa = PBXFileReference; fileEncoding = 4; lastKnownFileType = sourcecode.c.h; path = features.h; sourceTree = "<group>"; };
		BA1A731A1612F263005D7E9E /* forwards.h */ = {isa = PBXFileReference; fileEncoding = 4; lastKnownFileType = sourcecode.c.h; path = forwards.h; sourceTree = "<group>"; };
		BA1A731B1612F263005D7E9E /* json.h */ = {isa = PBXFileReference; fileEncoding = 4; lastKnownFileType = sourcecode.c.h; path = json.h; sourceTree = "<group>"; };
		BA1A731C1612F263005D7E9E /* reader.h */ = {isa = PBXFileReference; fileEncoding = 4; lastKnownFileType = sourcecode.c.h; path = reader.h; sourceTree = "<group>"; };
		BA1A731D1612F263005D7E9E /* value.h */ = {isa = PBXFileReference; fileEncoding = 4; lastKnownFileType = sourcecode.c.h; path = value.h; sourceTree = "<group>"; };
		BA1A731E1612F263005D7E9E /* writer.h */ = {isa = PBXFileReference; fileEncoding = 4; lastKnownFileType = sourcecode.c.h; path = writer.h; sourceTree = "<group>"; };
		BAE9B2F717D7136B005587C6 /* Interfaces */ = {isa = PBXFileReference; lastKnownFileType = folder; name = Interfaces; path = ../../../../common/Interfaces; sourceTree = "<group>"; };
/* End PBXFileReference section */

/* Begin PBXFrameworksBuildPhase section */
		BA1A72E11612F186005D7E9E /* Frameworks */ = {
			isa = PBXFrameworksBuildPhase;
			buildActionMask = 2147483647;
			files = (
				BA1A72E81612F186005D7E9E /* Foundation.framework in Frameworks */,
			);
			runOnlyForDeploymentPostprocessing = 0;
		};
/* End PBXFrameworksBuildPhase section */

/* Begin PBXGroup section */
		BA1A72D91612F186005D7E9E = {
			isa = PBXGroup;
			children = (
				BA1A72E91612F186005D7E9E /* MessageBroker */,
				BAE9B2F717D7136B005587C6 /* Interfaces */,
				BA1A72E61612F186005D7E9E /* Frameworks */,
				BA1A72E51612F186005D7E9E /* Products */,
			);
			sourceTree = "<group>";
		};
		BA1A72E51612F186005D7E9E /* Products */ = {
			isa = PBXGroup;
			children = (
				BA1A72E41612F186005D7E9E /* libMessageBroker.a */,
			);
			name = Products;
			sourceTree = "<group>";
		};
		BA1A72E61612F186005D7E9E /* Frameworks */ = {
			isa = PBXGroup;
			children = (
				BA1A72E71612F186005D7E9E /* Foundation.framework */,
			);
			name = Frameworks;
			sourceTree = "<group>";
		};
		BA1A72E91612F186005D7E9E /* MessageBroker */ = {
			isa = PBXGroup;
			children = (
				BA1A72F51612F1F1005D7E9E /* CMessageBroker.hpp */,
				BA1A72F61612F1F1005D7E9E /* CMessageBrokerRegistry.hpp */,
				BA1A72F71612F1F1005D7E9E /* CSender.hpp */,
				BA1A72F81612F1F1005D7E9E /* system.h */,
				BA1A72F91612F1F1005D7E9E /* websocket_handler.hpp */,
				BA1A73081612F234005D7E9E /* lib_json */,
				BA1A72FA1612F20E005D7E9E /* lib_messagebroker */,
				BA1A72EA1612F186005D7E9E /* Supporting Files */,
			);
			path = MessageBroker;
			sourceTree = "<group>";
		};
		BA1A72EA1612F186005D7E9E /* Supporting Files */ = {
			isa = PBXGroup;
			children = (
				BA1A72EB1612F186005D7E9E /* MessageBroker-Prefix.pch */,
			);
			name = "Supporting Files";
			sourceTree = "<group>";
		};
		BA1A72FA1612F20E005D7E9E /* lib_messagebroker */ = {
			isa = PBXGroup;
			children = (
				BA1A72FB1612F20E005D7E9E /* CMessageBroker.cpp */,
				BA1A72FC1612F20E005D7E9E /* CMessageBrokerRegistry.cpp */,
				BA1A72FD1612F20E005D7E9E /* libMBDebugHelper.h */,
				BA1A72FE1612F20E005D7E9E /* md5.cpp */,
				BA1A72FF1612F20E005D7E9E /* md5.h */,
				BA1A73011612F20E005D7E9E /* system.cpp */,
				BA1A73021612F20E005D7E9E /* websocket_handler.cpp */,
			);
			name = lib_messagebroker;
			path = ../../../../../common/MessageBroker/src/lib_messagebroker;
			sourceTree = "<group>";
		};
		BA1A73081612F234005D7E9E /* lib_json */ = {
			isa = PBXGroup;
			children = (
				BA1A73151612F263005D7E9E /* json */,
				BA1A73091612F234005D7E9E /* json_batchallocator.h */,
				BA1A730A1612F234005D7E9E /* json_internalarray.inl */,
				BA1A730B1612F234005D7E9E /* json_internalmap.inl */,
				BA1A730C1612F234005D7E9E /* json_reader.cpp */,
				BA1A730D1612F234005D7E9E /* json_tool.h */,
				BA1A730E1612F234005D7E9E /* json_value.cpp */,
				BA1A730F1612F234005D7E9E /* json_valueiterator.inl */,
				BA1A73101612F234005D7E9E /* json_writer.cpp */,
			);
			name = lib_json;
			path = ../../../../../common/jsoncpp/src/lib_json;
			sourceTree = "<group>";
		};
		BA1A73151612F263005D7E9E /* json */ = {
			isa = PBXGroup;
			children = (
				BA1A73161612F263005D7E9E /* assertions.h */,
				BA1A73171612F263005D7E9E /* autolink.h */,
				BA1A73181612F263005D7E9E /* config.h */,
				BA1A73191612F263005D7E9E /* features.h */,
				BA1A731A1612F263005D7E9E /* forwards.h */,
				BA1A731B1612F263005D7E9E /* json.h */,
				BA1A731C1612F263005D7E9E /* reader.h */,
				BA1A731D1612F263005D7E9E /* value.h */,
				BA1A731E1612F263005D7E9E /* writer.h */,
			);
			name = json;
			path = ../../include/json;
			sourceTree = "<group>";
		};
/* End PBXGroup section */

/* Begin PBXHeadersBuildPhase section */
		BA1A731F1612F2B0005D7E9E /* Headers */ = {
			isa = PBXHeadersBuildPhase;
			buildActionMask = 2147483647;
			files = (
				BA1A73201612F2C2005D7E9E /* CMessageBroker.hpp in Headers */,
				BA1A73221612F2C2005D7E9E /* CSender.hpp in Headers */,
				BA1A73241612F2C2005D7E9E /* websocket_handler.hpp in Headers */,
			);
			runOnlyForDeploymentPostprocessing = 0;
		};
/* End PBXHeadersBuildPhase section */

/* Begin PBXNativeTarget section */
		BA1A72E31612F186005D7E9E /* MessageBroker */ = {
			isa = PBXNativeTarget;
			buildConfigurationList = BA1A72F21612F186005D7E9E /* Build configuration list for PBXNativeTarget "MessageBroker" */;
			buildPhases = (
				BA1A72E01612F186005D7E9E /* Sources */,
				BA1A72E11612F186005D7E9E /* Frameworks */,
				BA1A731F1612F2B0005D7E9E /* Headers */,
				BA1A73251612F377005D7E9E /* Prepare Framework Script */,
			);
			buildRules = (
			);
			dependencies = (
			);
			name = MessageBroker;
			productName = MessageBroker;
			productReference = BA1A72E41612F186005D7E9E /* libMessageBroker.a */;
			productType = "com.apple.product-type.library.static";
		};
/* End PBXNativeTarget section */

/* Begin PBXProject section */
		BA1A72DB1612F186005D7E9E /* Project object */ = {
			isa = PBXProject;
			attributes = {
				LastUpgradeCheck = 0450;
				ORGANIZATIONNAME = Luxoft;
			};
			buildConfigurationList = BA1A72DE1612F186005D7E9E /* Build configuration list for PBXProject "MessageBroker" */;
			compatibilityVersion = "Xcode 3.2";
			developmentRegion = English;
			hasScannedForEncodings = 0;
			knownRegions = (
				en,
			);
			mainGroup = BA1A72D91612F186005D7E9E;
			productRefGroup = BA1A72E51612F186005D7E9E /* Products */;
			projectDirPath = "";
			projectRoot = "";
			targets = (
				BA1A72E31612F186005D7E9E /* MessageBroker */,
				BA1A73331612F718005D7E9E /* Framework */,
			);
		};
/* End PBXProject section */

/* Begin PBXShellScriptBuildPhase section */
		BA1A73251612F377005D7E9E /* Prepare Framework Script */ = {
			isa = PBXShellScriptBuildPhase;
			buildActionMask = 2147483647;
			files = (
			);
			inputPaths = (
			);
			name = "Prepare Framework Script";
			outputPaths = (
			);
			runOnlyForDeploymentPostprocessing = 0;
			shellPath = /bin/sh;
			shellScript = "set -e\n\nmkdir -p \"${BUILT_PRODUCTS_DIR}/${PRODUCT_NAME}.framework/Versions/A/Headers\"\n\n# Link the \"Current\" version to \"A\"\n/bin/ln -sfh A \"${BUILT_PRODUCTS_DIR}/${PRODUCT_NAME}.framework/Versions/Current\"\n/bin/ln -sfh Versions/Current/Headers \"${BUILT_PRODUCTS_DIR}/${PRODUCT_NAME}.framework/Headers\"\n/bin/ln -sfh \"Versions/Current/${PRODUCT_NAME}\" \"${BUILT_PRODUCTS_DIR}/${PRODUCT_NAME}.framework/${PRODUCT_NAME}\"\n\n# The -a ensures that the headers maintain the source modification date so that we don't constantly\n# cause propagating rebuilds of files that import these headers.\n/bin/cp -a \"${TARGET_BUILD_DIR}/${PUBLIC_HEADERS_FOLDER_PATH}/\" \"${BUILT_PRODUCTS_DIR}/${PRODUCT_NAME}.framework/Versions/A/Headers\"";
			showEnvVarsInLog = 0;
		};
		BA1A73391612F74F005D7E9E /* Build Framework Script */ = {
			isa = PBXShellScriptBuildPhase;
			buildActionMask = 2147483647;
			files = (
			);
			inputPaths = (
			);
			name = "Build Framework Script";
			outputPaths = (
			);
			runOnlyForDeploymentPostprocessing = 0;
			shellPath = /bin/sh;
			shellScript = "set -e\nset +u\n# Avoid recursively calling this script.\nif [[ $SF_MASTER_SCRIPT_RUNNING ]]\nthen\n    exit 0\nfi\nset -u\nexport SF_MASTER_SCRIPT_RUNNING=1\n\nSF_TARGET_NAME=${PROJECT_NAME}\nSF_EXECUTABLE_PATH=\"lib${SF_TARGET_NAME}.a\"\nSF_WRAPPER_NAME=\"${SF_TARGET_NAME}.framework\"\n\n# The following conditionals come from\n# https://github.com/kstenerud/iOS-Universal-Framework\n\nif [[ \"$SDK_NAME\" =~ ([A-Za-z]+) ]]\nthen\n    SF_SDK_PLATFORM=${BASH_REMATCH[1]}\nelse\n    echo \"Could not find platform name from SDK_NAME: $SDK_NAME\"\n    exit 1\nfi\n\nif [[ \"$SDK_NAME\" =~ ([0-9]+.*$) ]]\nthen\n    SF_SDK_VERSION=${BASH_REMATCH[1]}\nelse\n    echo \"Could not find sdk version from SDK_NAME: $SDK_NAME\"\n    exit 1\nfi\n\nif [[ \"$SF_SDK_PLATFORM\" = \"iphoneos\" ]]\nthen\n    SF_OTHER_PLATFORM=iphonesimulator\nelse\n    SF_OTHER_PLATFORM=iphoneos\nfi\n\nif [[ \"$BUILT_PRODUCTS_DIR\" =~ (.*)$SF_SDK_PLATFORM$ ]]\nthen\n    SF_OTHER_BUILT_PRODUCTS_DIR=\"${BASH_REMATCH[1]}${SF_OTHER_PLATFORM}\"\nelse\n    echo \"Could not find platform name from build products directory: $BUILT_PRODUCTS_DIR\"\n    exit 1\nfi\n\n# Build the other platform.\nxcodebuild -project \"${PROJECT_FILE_PATH}\" -target \"${TARGET_NAME}\" -configuration \"${CONFIGURATION}\" -sdk ${SF_OTHER_PLATFORM}${SF_SDK_VERSION} BUILD_DIR=\"${BUILD_DIR}\" OBJROOT=\"${OBJROOT}\" BUILD_ROOT=\"${BUILD_ROOT}\" SYMROOT=\"${SYMROOT}\" $ACTION\n\n# Smash the two static libraries into one fat binary and store it in the .framework\nlipo -create \"${BUILT_PRODUCTS_DIR}/${SF_EXECUTABLE_PATH}\" \"${SF_OTHER_BUILT_PRODUCTS_DIR}/${SF_EXECUTABLE_PATH}\" -output \"${BUILT_PRODUCTS_DIR}/${SF_WRAPPER_NAME}/Versions/A/${SF_TARGET_NAME}\"\n\n# Copy the binary to the other architecture folder to have a complete framework in both.\ncp -a \"${BUILT_PRODUCTS_DIR}/${SF_WRAPPER_NAME}/Versions/A/${SF_TARGET_NAME}\" \"${SF_OTHER_BUILT_PRODUCTS_DIR}/${SF_WRAPPER_NAME}/Versions/A/${SF_TARGET_NAME}\"";
		};
/* End PBXShellScriptBuildPhase section */

/* Begin PBXSourcesBuildPhase section */
		BA1A72E01612F186005D7E9E /* Sources */ = {
			isa = PBXSourcesBuildPhase;
			buildActionMask = 2147483647;
			files = (
				BA1A73031612F20E005D7E9E /* CMessageBroker.cpp in Sources */,
				BA1A73041612F20E005D7E9E /* CMessageBrokerRegistry.cpp in Sources */,
				BA1A73051612F20E005D7E9E /* md5.cpp in Sources */,
				BA1A73061612F20E005D7E9E /* system.cpp in Sources */,
				BA1A73071612F20E005D7E9E /* websocket_handler.cpp in Sources */,
				BA1A73121612F234005D7E9E /* json_reader.cpp in Sources */,
				BA1A73131612F234005D7E9E /* json_value.cpp in Sources */,
				BA1A73141612F234005D7E9E /* json_writer.cpp in Sources */,
			);
			runOnlyForDeploymentPostprocessing = 0;
		};
/* End PBXSourcesBuildPhase section */

/* Begin PBXTargetDependency section */
		BA1A73381612F724005D7E9E /* PBXTargetDependency */ = {
			isa = PBXTargetDependency;
			target = BA1A72E31612F186005D7E9E /* MessageBroker */;
			targetProxy = BA1A73371612F724005D7E9E /* PBXContainerItemProxy */;
		};
/* End PBXTargetDependency section */

/* Begin XCBuildConfiguration section */
		BA19C377162C303F00BF2751 /* Adhoc */ = {
			isa = XCBuildConfiguration;
			buildSettings = {
				ALWAYS_SEARCH_USER_PATHS = NO;
				CLANG_CXX_LANGUAGE_STANDARD = "gnu++0x";
				CLANG_CXX_LIBRARY = "libstdc++";
				CLANG_ENABLE_OBJC_ARC = YES;
				CLANG_WARN_EMPTY_BODY = YES;
				CLANG_WARN__DUPLICATE_METHOD_MATCH = YES;
				COPY_PHASE_STRIP = YES;
				GCC_C_LANGUAGE_STANDARD = gnu99;
				GCC_WARN_ABOUT_RETURN_TYPE = YES;
				GCC_WARN_UNINITIALIZED_AUTOS = YES;
				GCC_WARN_UNUSED_VARIABLE = YES;
				HEADER_SEARCH_PATHS = "\"$(SRCROOT)/../../../../common/jsoncpp/include/\"";
				IPHONEOS_DEPLOYMENT_TARGET = 4.3;
				PUBLIC_HEADERS_FOLDER_PATH = "$(PROJECT_NAME)Headers";
				SDKROOT = iphoneos;
				STRIP_STYLE = "non-global";
				VALIDATE_PRODUCT = YES;
			};
			name = Adhoc;
		};
		BA19C378162C303F00BF2751 /* Adhoc */ = {
			isa = XCBuildConfiguration;
			buildSettings = {
				DSTROOT = "/tmp/$(PROJECT_NAME).dst";
				GCC_PRECOMPILE_PREFIX_HEADER = YES;
				GCC_PREFIX_HEADER = "MessageBroker/MessageBroker-Prefix.pch";
				OTHER_LDFLAGS = "-ObjC";
				PRODUCT_NAME = MessageBroker;
				SKIP_INSTALL = YES;
			};
			name = Adhoc;
		};
		BA19C379162C303F00BF2751 /* Adhoc */ = {
			isa = XCBuildConfiguration;
			buildSettings = {
				PRODUCT_NAME = "$(TARGET_NAME)";
			};
			name = Adhoc;
		};
		BA1A72F01612F186005D7E9E /* Debug */ = {
			isa = XCBuildConfiguration;
			buildSettings = {
				ALWAYS_SEARCH_USER_PATHS = NO;
				CLANG_CXX_LANGUAGE_STANDARD = "gnu++0x";
				CLANG_CXX_LIBRARY = "libstdc++";
				CLANG_ENABLE_OBJC_ARC = YES;
				CLANG_WARN_EMPTY_BODY = YES;
				CLANG_WARN__DUPLICATE_METHOD_MATCH = YES;
				COPY_PHASE_STRIP = NO;
				GCC_C_LANGUAGE_STANDARD = gnu99;
				GCC_DYNAMIC_NO_PIC = NO;
				GCC_OPTIMIZATION_LEVEL = 0;
				GCC_PREPROCESSOR_DEFINITIONS = (
					"DEBUG=1",
					"$(inherited)",
				);
				GCC_SYMBOLS_PRIVATE_EXTERN = NO;
				GCC_WARN_ABOUT_RETURN_TYPE = YES;
				GCC_WARN_UNINITIALIZED_AUTOS = YES;
				GCC_WARN_UNUSED_VARIABLE = YES;
				HEADER_SEARCH_PATHS = "\"$(SRCROOT)/../../../../common/jsoncpp/include/\"";
				IPHONEOS_DEPLOYMENT_TARGET = 4.3;
				PUBLIC_HEADERS_FOLDER_PATH = "$(PROJECT_NAME)Headers";
				SDKROOT = iphoneos;
				STRIP_STYLE = "non-global";
			};
			name = Debug;
		};
		BA1A72F11612F186005D7E9E /* Release */ = {
			isa = XCBuildConfiguration;
			buildSettings = {
				ALWAYS_SEARCH_USER_PATHS = NO;
				CLANG_CXX_LANGUAGE_STANDARD = "gnu++0x";
				CLANG_CXX_LIBRARY = "libstdc++";
				CLANG_ENABLE_OBJC_ARC = YES;
				CLANG_WARN_EMPTY_BODY = YES;
				CLANG_WARN__DUPLICATE_METHOD_MATCH = YES;
				COPY_PHASE_STRIP = YES;
				GCC_C_LANGUAGE_STANDARD = gnu99;
				GCC_WARN_ABOUT_RETURN_TYPE = YES;
				GCC_WARN_UNINITIALIZED_AUTOS = YES;
				GCC_WARN_UNUSED_VARIABLE = YES;
				HEADER_SEARCH_PATHS = "\"$(SRCROOT)/../../../../common/jsoncpp/include/\"";
				IPHONEOS_DEPLOYMENT_TARGET = 4.3;
				PUBLIC_HEADERS_FOLDER_PATH = "$(PROJECT_NAME)Headers";
				SDKROOT = iphoneos;
				STRIP_STYLE = "non-global";
				VALIDATE_PRODUCT = YES;
			};
			name = Release;
		};
		BA1A72F31612F186005D7E9E /* Debug */ = {
			isa = XCBuildConfiguration;
			buildSettings = {
				DSTROOT = "/tmp/$(PROJECT_NAME).dst";
				GCC_PRECOMPILE_PREFIX_HEADER = YES;
				GCC_PREFIX_HEADER = "MessageBroker/MessageBroker-Prefix.pch";
				OTHER_LDFLAGS = "-ObjC";
				PRODUCT_NAME = MessageBroker;
				SKIP_INSTALL = YES;
			};
			name = Debug;
		};
		BA1A72F41612F186005D7E9E /* Release */ = {
			isa = XCBuildConfiguration;
			buildSettings = {
				DSTROOT = "/tmp/$(PROJECT_NAME).dst";
				GCC_PRECOMPILE_PREFIX_HEADER = YES;
				GCC_PREFIX_HEADER = "MessageBroker/MessageBroker-Prefix.pch";
				OTHER_LDFLAGS = "-ObjC";
				PRODUCT_NAME = MessageBroker;
				SKIP_INSTALL = YES;
			};
			name = Release;
		};
		BA1A73351612F719005D7E9E /* Debug */ = {
			isa = XCBuildConfiguration;
			buildSettings = {
				PRODUCT_NAME = "$(TARGET_NAME)";
			};
			name = Debug;
		};
		BA1A73361612F719005D7E9E /* Release */ = {
			isa = XCBuildConfiguration;
			buildSettings = {
				PRODUCT_NAME = "$(TARGET_NAME)";
			};
			name = Release;
		};
/* End XCBuildConfiguration section */

/* Begin XCConfigurationList section */
		BA1A72DE1612F186005D7E9E /* Build configuration list for PBXProject "MessageBroker" */ = {
			isa = XCConfigurationList;
			buildConfigurations = (
				BA1A72F01612F186005D7E9E /* Debug */,
				BA1A72F11612F186005D7E9E /* Release */,
				BA19C377162C303F00BF2751 /* Adhoc */,
			);
			defaultConfigurationIsVisible = 0;
			defaultConfigurationName = Release;
		};
		BA1A72F21612F186005D7E9E /* Build configuration list for PBXNativeTarget "MessageBroker" */ = {
			isa = XCConfigurationList;
			buildConfigurations = (
				BA1A72F31612F186005D7E9E /* Debug */,
				BA1A72F41612F186005D7E9E /* Release */,
				BA19C378162C303F00BF2751 /* Adhoc */,
			);
			defaultConfigurationIsVisible = 0;
			defaultConfigurationName = Release;
		};
		BA1A73341612F719005D7E9E /* Build configuration list for PBXAggregateTarget "Framework" */ = {
			isa = XCConfigurationList;
			buildConfigurations = (
				BA1A73351612F719005D7E9E /* Debug */,
				BA1A73361612F719005D7E9E /* Release */,
				BA19C379162C303F00BF2751 /* Adhoc */,
			);
			defaultConfigurationIsVisible = 0;
			defaultConfigurationName = Release;
		};
/* End XCConfigurationList section */
	};
	rootObject = BA1A72DB1612F186005D7E9E /* Project object */;
}
