// !$*UTF8*$!
{
	archiveVersion = 1;
	classes = {
	};
	objectVersion = 46;
	objects = {

/* Begin PBXBuildFile section */
		8455EDFD17C60C5000D0BD03 /* MyFord_Touch_EULA.txt in Resources */ = {isa = PBXBuildFile; fileRef = 8455EDFC17C60C5000D0BD03 /* MyFord_Touch_EULA.txt */; };
		8455EDFE17C60C5000D0BD03 /* MyFord_Touch_EULA.txt in Resources */ = {isa = PBXBuildFile; fileRef = 8455EDFC17C60C5000D0BD03 /* MyFord_Touch_EULA.txt */; };
		8455EDFF17C60C5000D0BD03 /* MyFord_Touch_EULA.txt in Resources */ = {isa = PBXBuildFile; fileRef = 8455EDFC17C60C5000D0BD03 /* MyFord_Touch_EULA.txt */; };
		BA06079F173A6E1600381DE8 /* SettingsTest.m in Sources */ = {isa = PBXBuildFile; fileRef = BA06079E173A6E1600381DE8 /* SettingsTest.m */; };
		BA0607A3173CD7F800381DE8 /* Settings.m in Sources */ = {isa = PBXBuildFile; fileRef = BA461EAD15A6FC3B0078846F /* Settings.m */; };
		BA0DC5D717295BD40007C49A /* MBControllerBackendTest.m in Sources */ = {isa = PBXBuildFile; fileRef = BA0DC5D617295BD40007C49A /* MBControllerBackendTest.m */; };
		BA0DC5D817295E690007C49A /* MBControllerBackend.m in Sources */ = {isa = PBXBuildFile; fileRef = BA461EA915A6E1640078846F /* MBControllerBackend.m */; };
		BA1A735A1612FB81005D7E9E /* libMessageBroker.a in Frameworks */ = {isa = PBXBuildFile; fileRef = BA1A73591612FB81005D7E9E /* libMessageBroker.a */; };
		BA1A738D16130B69005D7E9E /* libMessageBroker.a in Frameworks */ = {isa = PBXBuildFile; fileRef = BA1A73591612FB81005D7E9E /* libMessageBroker.a */; };
		BA34A19D1679D69A00DFE7BF /* video in Resources */ = {isa = PBXBuildFile; fileRef = BA34A19C1679D69A00DFE7BF /* video */; };
		BA39E409165A71A000738502 /* main.m in Sources */ = {isa = PBXBuildFile; fileRef = FF41AD7F14BCB67800153039 /* main.m */; };
		BA39E40A165A71A000738502 /* AppDelegate.m in Sources */ = {isa = PBXBuildFile; fileRef = FF41AD8314BCB67800153039 /* AppDelegate.m */; };
		BA39E40B165A71A000738502 /* ViewController.m in Sources */ = {isa = PBXBuildFile; fileRef = FF41AD8614BCB67800153039 /* ViewController.m */; };
		BA39E40C165A71A000738502 /* MBClient.m in Sources */ = {isa = PBXBuildFile; fileRef = BA461E9015A5D3620078846F /* MBClient.m */; };
		BA39E40D165A71A000738502 /* MBConst.mm in Sources */ = {isa = PBXBuildFile; fileRef = BA461E9215A5D3620078846F /* MBConst.mm */; };
		BA39E40E165A71A000738502 /* MBController.m in Sources */ = {isa = PBXBuildFile; fileRef = BA461E9415A5D3620078846F /* MBController.m */; };
		BA39E40F165A71A000738502 /* MBMessageBroker.mm in Sources */ = {isa = PBXBuildFile; fileRef = BA461E9615A5D3620078846F /* MBMessageBroker.mm */; };
		BA39E410165A71A000738502 /* MBServer.m in Sources */ = {isa = PBXBuildFile; fileRef = BA461E9815A5D3620078846F /* MBServer.m */; };
		BA39E411165A71A000738502 /* MBControllerBackend.m in Sources */ = {isa = PBXBuildFile; fileRef = BA461EA915A6E1640078846F /* MBControllerBackend.m */; };
		BA39E412165A71A000738502 /* Settings.m in Sources */ = {isa = PBXBuildFile; fileRef = BA461EAD15A6FC3B0078846F /* Settings.m */; };
		BA39E413165A71A000738502 /* MBWebSocketHelper.mm in Sources */ = {isa = PBXBuildFile; fileRef = BAFBFD2C15AAF94B00917687 /* MBWebSocketHelper.mm */; };
		BA39E415165A71A000738502 /* CFNetwork.framework in Frameworks */ = {isa = PBXBuildFile; fileRef = BA461E8515A5D2440078846F /* CFNetwork.framework */; };
		BA39E416165A71A000738502 /* Security.framework in Frameworks */ = {isa = PBXBuildFile; fileRef = BA461E8315A5D22C0078846F /* Security.framework */; };
		BA39E417165A71A000738502 /* UIKit.framework in Frameworks */ = {isa = PBXBuildFile; fileRef = FF41AD7314BCB67800153039 /* UIKit.framework */; };
		BA39E418165A71A000738502 /* Foundation.framework in Frameworks */ = {isa = PBXBuildFile; fileRef = FF41AD7514BCB67800153039 /* Foundation.framework */; };
		BA39E419165A71A000738502 /* CoreGraphics.framework in Frameworks */ = {isa = PBXBuildFile; fileRef = FF41AD7714BCB67800153039 /* CoreGraphics.framework */; };
		BA39E41A165A71A000738502 /* libPods.a in Frameworks */ = {isa = PBXBuildFile; fileRef = 828EE06894B0425096EA387D /* libPods.a */; };
		BA39E41B165A71A000738502 /* libMessageBroker.a in Frameworks */ = {isa = PBXBuildFile; fileRef = BA1A73591612FB81005D7E9E /* libMessageBroker.a */; };
		BA39E41F165A71A000738502 /* InfoPlist.strings in Resources */ = {isa = PBXBuildFile; fileRef = FF41AD7C14BCB67800153039 /* InfoPlist.strings */; };
		BA39E420165A71A000738502 /* ViewController_iPhone.xib in Resources */ = {isa = PBXBuildFile; fileRef = FF41AD8814BCB67900153039 /* ViewController_iPhone.xib */; };
		BA39E421165A71A000738502 /* ViewController_iPad.xib in Resources */ = {isa = PBXBuildFile; fileRef = FF41AD8B14BCB67900153039 /* ViewController_iPad.xib */; };
		BA39E430165A71A000738502 /* images in Resources */ = {isa = PBXBuildFile; fileRef = BA8C745B1590BB9700A14D1B /* images */; };
		BA39E432165A71A000738502 /* lib in Resources */ = {isa = PBXBuildFile; fileRef = BA8C745D1590BB9700A14D1B /* lib */; };
		BA461E8415A5D22C0078846F /* Security.framework in Frameworks */ = {isa = PBXBuildFile; fileRef = BA461E8315A5D22C0078846F /* Security.framework */; };
		BA461E8615A5D2440078846F /* CFNetwork.framework in Frameworks */ = {isa = PBXBuildFile; fileRef = BA461E8515A5D2440078846F /* CFNetwork.framework */; };
		BA461E9B15A5D3620078846F /* MBClient.m in Sources */ = {isa = PBXBuildFile; fileRef = BA461E9015A5D3620078846F /* MBClient.m */; };
		BA461E9C15A5D3620078846F /* MBConst.mm in Sources */ = {isa = PBXBuildFile; fileRef = BA461E9215A5D3620078846F /* MBConst.mm */; };
		BA461E9D15A5D3620078846F /* MBController.m in Sources */ = {isa = PBXBuildFile; fileRef = BA461E9415A5D3620078846F /* MBController.m */; };
		BA461E9E15A5D3620078846F /* MBMessageBroker.mm in Sources */ = {isa = PBXBuildFile; fileRef = BA461E9615A5D3620078846F /* MBMessageBroker.mm */; };
		BA461E9F15A5D3620078846F /* MBServer.m in Sources */ = {isa = PBXBuildFile; fileRef = BA461E9815A5D3620078846F /* MBServer.m */; };
		BA461EAA15A6E1640078846F /* MBControllerBackend.m in Sources */ = {isa = PBXBuildFile; fileRef = BA461EA915A6E1640078846F /* MBControllerBackend.m */; };
		BA461EAE15A6FC3C0078846F /* Settings.m in Sources */ = {isa = PBXBuildFile; fileRef = BA461EAD15A6FC3B0078846F /* Settings.m */; };
		BA683C141754DC6B00588BD1 /* Default-568h@2x.png in Resources */ = {isa = PBXBuildFile; fileRef = BAD0E3F5174526E3006B4C5C /* Default-568h@2x.png */; };
		BA7CA64C17B90BB80063C464 /* splash-en.png in Resources */ = {isa = PBXBuildFile; fileRef = BAD0E3FB174526E3006B4C5C /* splash-en.png */; };
		BA7CA64D17B90BB80063C464 /* splash-en.png in Resources */ = {isa = PBXBuildFile; fileRef = BAD0E3FB174526E3006B4C5C /* splash-en.png */; };
		BA7CA65C17BCB87B0063C464 /* EULAViewController.m in Sources */ = {isa = PBXBuildFile; fileRef = BA7CA65A17BCB87B0063C464 /* EULAViewController.m */; };
		BA7CA65D17BCB87B0063C464 /* EULAViewController.m in Sources */ = {isa = PBXBuildFile; fileRef = BA7CA65A17BCB87B0063C464 /* EULAViewController.m */; };
		BA7CA65E17BCB87B0063C464 /* EULAViewController.m in Sources */ = {isa = PBXBuildFile; fileRef = BA7CA65A17BCB87B0063C464 /* EULAViewController.m */; };
		BA7CA65F17BCB87B0063C464 /* EULAViewController.xib in Resources */ = {isa = PBXBuildFile; fileRef = BA7CA65B17BCB87B0063C464 /* EULAViewController.xib */; };
		BA7CA66017BCB87B0063C464 /* EULAViewController.xib in Resources */ = {isa = PBXBuildFile; fileRef = BA7CA65B17BCB87B0063C464 /* EULAViewController.xib */; };
		BA7CA66117BCB87B0063C464 /* EULAViewController.xib in Resources */ = {isa = PBXBuildFile; fileRef = BA7CA65B17BCB87B0063C464 /* EULAViewController.xib */; };
		BA8C74621590BB9700A14D1B /* images in Resources */ = {isa = PBXBuildFile; fileRef = BA8C745B1590BB9700A14D1B /* images */; };
		BA8C74641590BB9700A14D1B /* lib in Resources */ = {isa = PBXBuildFile; fileRef = BA8C745D1590BB9700A14D1B /* lib */; };
		BA8C74661590BB9700A14D1B /* video in Resources */ = {isa = PBXBuildFile; fileRef = BA8C745F1590BB9700A14D1B /* video */; };
		BA96E3FD15D4F80400B1E501 /* MBMessageBrokerTest.m in Sources */ = {isa = PBXBuildFile; fileRef = BA96E3FC15D4F80400B1E501 /* MBMessageBrokerTest.m */; };
		BA96E3FF15D4F8BA00B1E501 /* MBMessageBroker.mm in Sources */ = {isa = PBXBuildFile; fileRef = BA461E9615A5D3620078846F /* MBMessageBroker.mm */; };
		BA96E40315D4FEAA00B1E501 /* MBTestConst.m in Sources */ = {isa = PBXBuildFile; fileRef = BA96E40215D4FEAA00B1E501 /* MBTestConst.m */; };
		BA97100415D3BE7F00D69AE8 /* MBServerTest.m in Sources */ = {isa = PBXBuildFile; fileRef = BA97100315D3BE7F00D69AE8 /* MBServerTest.m */; };
		BA97100615D3C13300D69AE8 /* MBServer.m in Sources */ = {isa = PBXBuildFile; fileRef = BA461E9815A5D3620078846F /* MBServer.m */; };
		BAA6B79915D8F30400361EAB /* MBWebSocketHandshakeTest.m in Sources */ = {isa = PBXBuildFile; fileRef = BAA6B79815D8F30400361EAB /* MBWebSocketHandshakeTest.m */; };
		BAB3148217268CD800243CAC /* MBControllerTest.m in Sources */ = {isa = PBXBuildFile; fileRef = BAB3148117268CD800243CAC /* MBControllerTest.m */; };
		BAB8959A15D00DDB007402DE /* UIKit.framework in Frameworks */ = {isa = PBXBuildFile; fileRef = FF41AD7314BCB67800153039 /* UIKit.framework */; };
		BAB8959B15D00DDB007402DE /* Foundation.framework in Frameworks */ = {isa = PBXBuildFile; fileRef = FF41AD7514BCB67800153039 /* Foundation.framework */; };
		BAB8959C15D00DDB007402DE /* CoreGraphics.framework in Frameworks */ = {isa = PBXBuildFile; fileRef = FF41AD7714BCB67800153039 /* CoreGraphics.framework */; };
		BAB895A215D00DDB007402DE /* InfoPlist.strings in Resources */ = {isa = PBXBuildFile; fileRef = BAB895A015D00DDB007402DE /* InfoPlist.strings */; };
		BAB895A415D00DDB007402DE /* main.m in Sources */ = {isa = PBXBuildFile; fileRef = BAB895A315D00DDB007402DE /* main.m */; };
		BAB8966015D118CB007402DE /* MBWebSocketHelperTest.m in Sources */ = {isa = PBXBuildFile; fileRef = BAB8965F15D118CB007402DE /* MBWebSocketHelperTest.m */; };
		BAB8966215D11966007402DE /* MBWebSocketHelper.mm in Sources */ = {isa = PBXBuildFile; fileRef = BAFBFD2C15AAF94B00917687 /* MBWebSocketHelper.mm */; };
		BAB8966915D14154007402DE /* MBConstTest.m in Sources */ = {isa = PBXBuildFile; fileRef = BAB8966815D14154007402DE /* MBConstTest.m */; };
		BAB8966A15D141DC007402DE /* MBConst.mm in Sources */ = {isa = PBXBuildFile; fileRef = BA461E9215A5D3620078846F /* MBConst.mm */; };
		BAB896D115D26927007402DE /* MBControllerMessageGeneratingTest.m in Sources */ = {isa = PBXBuildFile; fileRef = BAB896D015D26927007402DE /* MBControllerMessageGeneratingTest.m */; };
		BAB896D315D269A3007402DE /* MBController.m in Sources */ = {isa = PBXBuildFile; fileRef = BA461E9415A5D3620078846F /* MBController.m */; };
		BAB896D415D27439007402DE /* MBClient.m in Sources */ = {isa = PBXBuildFile; fileRef = BA461E9015A5D3620078846F /* MBClient.m */; };
		BAC07A7017E09A4100CBB960 /* QuartzCore.framework in Frameworks */ = {isa = PBXBuildFile; fileRef = BAC07A6F17E09A4100CBB960 /* QuartzCore.framework */; };
		BAC07A7117E09A5100CBB960 /* QuartzCore.framework in Frameworks */ = {isa = PBXBuildFile; fileRef = BAC07A6F17E09A4100CBB960 /* QuartzCore.framework */; };
		BAC07A7217E09A5E00CBB960 /* QuartzCore.framework in Frameworks */ = {isa = PBXBuildFile; fileRef = BAC07A6F17E09A4100CBB960 /* QuartzCore.framework */; };
		BAC5A21B17B8EDE4000BD6F6 /* main.m in Sources */ = {isa = PBXBuildFile; fileRef = FF41AD7F14BCB67800153039 /* main.m */; };
		BAC5A21C17B8EDE4000BD6F6 /* AppDelegate.m in Sources */ = {isa = PBXBuildFile; fileRef = FF41AD8314BCB67800153039 /* AppDelegate.m */; };
		BAC5A21D17B8EDE4000BD6F6 /* ViewController.m in Sources */ = {isa = PBXBuildFile; fileRef = FF41AD8614BCB67800153039 /* ViewController.m */; };
		BAC5A21E17B8EDE4000BD6F6 /* MBClient.m in Sources */ = {isa = PBXBuildFile; fileRef = BA461E9015A5D3620078846F /* MBClient.m */; };
		BAC5A21F17B8EDE4000BD6F6 /* MBConst.mm in Sources */ = {isa = PBXBuildFile; fileRef = BA461E9215A5D3620078846F /* MBConst.mm */; };
		BAC5A22017B8EDE4000BD6F6 /* MBController.m in Sources */ = {isa = PBXBuildFile; fileRef = BA461E9415A5D3620078846F /* MBController.m */; };
		BAC5A22117B8EDE4000BD6F6 /* MBMessageBroker.mm in Sources */ = {isa = PBXBuildFile; fileRef = BA461E9615A5D3620078846F /* MBMessageBroker.mm */; };
		BAC5A22217B8EDE4000BD6F6 /* MBServer.m in Sources */ = {isa = PBXBuildFile; fileRef = BA461E9815A5D3620078846F /* MBServer.m */; };
		BAC5A22317B8EDE4000BD6F6 /* MBControllerBackend.m in Sources */ = {isa = PBXBuildFile; fileRef = BA461EA915A6E1640078846F /* MBControllerBackend.m */; };
		BAC5A22417B8EDE4000BD6F6 /* Settings.m in Sources */ = {isa = PBXBuildFile; fileRef = BA461EAD15A6FC3B0078846F /* Settings.m */; };
		BAC5A22517B8EDE4000BD6F6 /* MBWebSocketHelper.mm in Sources */ = {isa = PBXBuildFile; fileRef = BAFBFD2C15AAF94B00917687 /* MBWebSocketHelper.mm */; };
		BAC5A22717B8EDE4000BD6F6 /* AVFoundation.framework in Frameworks */ = {isa = PBXBuildFile; fileRef = BADF61F31677581700DA28BE /* AVFoundation.framework */; };
		BAC5A22817B8EDE4000BD6F6 /* CFNetwork.framework in Frameworks */ = {isa = PBXBuildFile; fileRef = BA461E8515A5D2440078846F /* CFNetwork.framework */; };
		BAC5A22917B8EDE4000BD6F6 /* Security.framework in Frameworks */ = {isa = PBXBuildFile; fileRef = BA461E8315A5D22C0078846F /* Security.framework */; };
		BAC5A22A17B8EDE4000BD6F6 /* UIKit.framework in Frameworks */ = {isa = PBXBuildFile; fileRef = FF41AD7314BCB67800153039 /* UIKit.framework */; };
		BAC5A22B17B8EDE4000BD6F6 /* Foundation.framework in Frameworks */ = {isa = PBXBuildFile; fileRef = FF41AD7514BCB67800153039 /* Foundation.framework */; };
		BAC5A22C17B8EDE4000BD6F6 /* CoreGraphics.framework in Frameworks */ = {isa = PBXBuildFile; fileRef = FF41AD7714BCB67800153039 /* CoreGraphics.framework */; };
		BAC5A22D17B8EDE4000BD6F6 /* libPods.a in Frameworks */ = {isa = PBXBuildFile; fileRef = 828EE06894B0425096EA387D /* libPods.a */; };
		BAC5A22E17B8EDE4000BD6F6 /* libMessageBroker.a in Frameworks */ = {isa = PBXBuildFile; fileRef = BA1A73591612FB81005D7E9E /* libMessageBroker.a */; };
		BAC5A23317B8EDE4000BD6F6 /* InfoPlist.strings in Resources */ = {isa = PBXBuildFile; fileRef = FF41AD7C14BCB67800153039 /* InfoPlist.strings */; };
		BAC5A23417B8EDE4000BD6F6 /* ViewController_iPhone.xib in Resources */ = {isa = PBXBuildFile; fileRef = FF41AD8814BCB67900153039 /* ViewController_iPhone.xib */; };
		BAC5A23517B8EDE4000BD6F6 /* ViewController_iPad.xib in Resources */ = {isa = PBXBuildFile; fileRef = FF41AD8B14BCB67900153039 /* ViewController_iPad.xib */; };
		BAC5A23617B8EDE4000BD6F6 /* images in Resources */ = {isa = PBXBuildFile; fileRef = BA8C745B1590BB9700A14D1B /* images */; };
		BAC5A23717B8EDE4000BD6F6 /* lib in Resources */ = {isa = PBXBuildFile; fileRef = BA8C745D1590BB9700A14D1B /* lib */; };
		BAC5A23B17B8EDE4000BD6F6 /* Default-568h@2x.png in Resources */ = {isa = PBXBuildFile; fileRef = BAD0E3F5174526E3006B4C5C /* Default-568h@2x.png */; };
		BAC5A23C17B8EDE4000BD6F6 /* Icon-72.png in Resources */ = {isa = PBXBuildFile; fileRef = BAD0E3F6174526E3006B4C5C /* Icon-72.png */; };
		BAC5A23D17B8EDE4000BD6F6 /* Icon-72@2x.png in Resources */ = {isa = PBXBuildFile; fileRef = BAD0E3F7174526E3006B4C5C /* Icon-72@2x.png */; };
		BAC5A23E17B8EDE4000BD6F6 /* Icon.png in Resources */ = {isa = PBXBuildFile; fileRef = BAD0E3F8174526E3006B4C5C /* Icon.png */; };
		BAC5A23F17B8EDE4000BD6F6 /* Icon@2x.png in Resources */ = {isa = PBXBuildFile; fileRef = BAD0E3F9174526E3006B4C5C /* Icon@2x.png */; };
		BAC5A24017B8EDE4000BD6F6 /* iTunesArtwork in Resources */ = {isa = PBXBuildFile; fileRef = BAD0E3FA174526E3006B4C5C /* iTunesArtwork */; };
		BAC5A24B17B8EE0B000BD6F6 /* splash-es.png in Resources */ = {isa = PBXBuildFile; fileRef = BAC5A21717B8EDB7000BD6F6 /* splash-es.png */; };
		BAC5A24E17B8F66C000BD6F6 /* splash-fr.png in Resources */ = {isa = PBXBuildFile; fileRef = BAD0E3FC174526E3006B4C5C /* splash-fr.png */; };
		BAC5A24F17B8F9AB000BD6F6 /* video in Resources */ = {isa = PBXBuildFile; fileRef = BA8C745F1590BB9700A14D1B /* video */; };
		BAC5A25017B8F9BD000BD6F6 /* map in Resources */ = {isa = PBXBuildFile; fileRef = BAF9BE911689BD390089ADCC /* map */; };
		BAD0E3FD174526E3006B4C5C /* Default-568h@2x.png in Resources */ = {isa = PBXBuildFile; fileRef = BAD0E3F5174526E3006B4C5C /* Default-568h@2x.png */; };
		BAD0E3FE174526E3006B4C5C /* Default-568h@2x.png in Resources */ = {isa = PBXBuildFile; fileRef = BAD0E3F5174526E3006B4C5C /* Default-568h@2x.png */; };
		BAD0E3FF174526E3006B4C5C /* Icon-72.png in Resources */ = {isa = PBXBuildFile; fileRef = BAD0E3F6174526E3006B4C5C /* Icon-72.png */; };
		BAD0E400174526E3006B4C5C /* Icon-72.png in Resources */ = {isa = PBXBuildFile; fileRef = BAD0E3F6174526E3006B4C5C /* Icon-72.png */; };
		BAD0E401174526E3006B4C5C /* Icon-72@2x.png in Resources */ = {isa = PBXBuildFile; fileRef = BAD0E3F7174526E3006B4C5C /* Icon-72@2x.png */; };
		BAD0E402174526E3006B4C5C /* Icon-72@2x.png in Resources */ = {isa = PBXBuildFile; fileRef = BAD0E3F7174526E3006B4C5C /* Icon-72@2x.png */; };
		BAD0E403174526E3006B4C5C /* Icon.png in Resources */ = {isa = PBXBuildFile; fileRef = BAD0E3F8174526E3006B4C5C /* Icon.png */; };
		BAD0E404174526E3006B4C5C /* Icon.png in Resources */ = {isa = PBXBuildFile; fileRef = BAD0E3F8174526E3006B4C5C /* Icon.png */; };
		BAD0E405174526E3006B4C5C /* Icon@2x.png in Resources */ = {isa = PBXBuildFile; fileRef = BAD0E3F9174526E3006B4C5C /* Icon@2x.png */; };
		BAD0E406174526E3006B4C5C /* Icon@2x.png in Resources */ = {isa = PBXBuildFile; fileRef = BAD0E3F9174526E3006B4C5C /* Icon@2x.png */; };
		BAD0E407174526E3006B4C5C /* iTunesArtwork in Resources */ = {isa = PBXBuildFile; fileRef = BAD0E3FA174526E3006B4C5C /* iTunesArtwork */; };
		BAD0E408174526E3006B4C5C /* iTunesArtwork in Resources */ = {isa = PBXBuildFile; fileRef = BAD0E3FA174526E3006B4C5C /* iTunesArtwork */; };
		BAD0E409174526E3006B4C5C /* splash-en.png in Resources */ = {isa = PBXBuildFile; fileRef = BAD0E3FB174526E3006B4C5C /* splash-en.png */; };
		BADF61F41677581700DA28BE /* AVFoundation.framework in Frameworks */ = {isa = PBXBuildFile; fileRef = BADF61F31677581700DA28BE /* AVFoundation.framework */; };
		BADF61F61677582400DA28BE /* AVFoundation.framework in Frameworks */ = {isa = PBXBuildFile; fileRef = BADF61F31677581700DA28BE /* AVFoundation.framework */; };
		BAE024F917CCC56D00B170BB /* MessageUI.framework in Frameworks */ = {isa = PBXBuildFile; fileRef = BAE024F817CCC56D00B170BB /* MessageUI.framework */; };
		BAE024FA17CCC58500B170BB /* MessageUI.framework in Frameworks */ = {isa = PBXBuildFile; fileRef = BAE024F817CCC56D00B170BB /* MessageUI.framework */; };
		BAE024FB17CCC59200B170BB /* MessageUI.framework in Frameworks */ = {isa = PBXBuildFile; fileRef = BAE024F817CCC56D00B170BB /* MessageUI.framework */; };
		BAE9B2FA17D71611005587C6 /* MBControllerRate.m in Sources */ = {isa = PBXBuildFile; fileRef = BAE9B2F917D71611005587C6 /* MBControllerRate.m */; };
		BAE9B2FB17D71611005587C6 /* MBControllerRate.m in Sources */ = {isa = PBXBuildFile; fileRef = BAE9B2F917D71611005587C6 /* MBControllerRate.m */; };
		BAE9B2FC17D71611005587C6 /* MBControllerRate.m in Sources */ = {isa = PBXBuildFile; fileRef = BAE9B2F917D71611005587C6 /* MBControllerRate.m */; };
		BAF9BE921689BD390089ADCC /* map in Resources */ = {isa = PBXBuildFile; fileRef = BAF9BE911689BD390089ADCC /* map */; };
		BAF9BE971689BE8D0089ADCC /* map in Resources */ = {isa = PBXBuildFile; fileRef = BAF9BE961689BE8D0089ADCC /* map */; };
		BAFBFD2D15AAF94B00917687 /* MBWebSocketHelper.mm in Sources */ = {isa = PBXBuildFile; fileRef = BAFBFD2C15AAF94B00917687 /* MBWebSocketHelper.mm */; };
		C738530E2CEF475495AC5B86 /* libPods.a in Frameworks */ = {isa = PBXBuildFile; fileRef = 828EE06894B0425096EA387D /* libPods.a */; };
		F9CB32A4D287427F9F7BB22E /* libPods-test.a in Frameworks */ = {isa = PBXBuildFile; fileRef = EC9F1F523CC94033867FC5C6 /* libPods-test.a */; };
		FF41AD7414BCB67800153039 /* UIKit.framework in Frameworks */ = {isa = PBXBuildFile; fileRef = FF41AD7314BCB67800153039 /* UIKit.framework */; };
		FF41AD7614BCB67800153039 /* Foundation.framework in Frameworks */ = {isa = PBXBuildFile; fileRef = FF41AD7514BCB67800153039 /* Foundation.framework */; };
		FF41AD7814BCB67800153039 /* CoreGraphics.framework in Frameworks */ = {isa = PBXBuildFile; fileRef = FF41AD7714BCB67800153039 /* CoreGraphics.framework */; };
		FF41AD7E14BCB67800153039 /* InfoPlist.strings in Resources */ = {isa = PBXBuildFile; fileRef = FF41AD7C14BCB67800153039 /* InfoPlist.strings */; };
		FF41AD8014BCB67800153039 /* main.m in Sources */ = {isa = PBXBuildFile; fileRef = FF41AD7F14BCB67800153039 /* main.m */; };
		FF41AD8414BCB67800153039 /* AppDelegate.m in Sources */ = {isa = PBXBuildFile; fileRef = FF41AD8314BCB67800153039 /* AppDelegate.m */; };
		FF41AD8714BCB67800153039 /* ViewController.m in Sources */ = {isa = PBXBuildFile; fileRef = FF41AD8614BCB67800153039 /* ViewController.m */; };
		FF41AD8A14BCB67900153039 /* ViewController_iPhone.xib in Resources */ = {isa = PBXBuildFile; fileRef = FF41AD8814BCB67900153039 /* ViewController_iPhone.xib */; };
		FF41AD8D14BCB67900153039 /* ViewController_iPad.xib in Resources */ = {isa = PBXBuildFile; fileRef = FF41AD8B14BCB67900153039 /* ViewController_iPad.xib */; };
/* End PBXBuildFile section */

/* Begin PBXFileReference section */
		05B2A61AB54C4DD5A8F02FE1 /* Pods-test.xcconfig */ = {isa = PBXFileReference; includeInIndex = 1; lastKnownFileType = text.xcconfig; name = "Pods-test.xcconfig"; path = "Pods/Pods-test.xcconfig"; sourceTree = SOURCE_ROOT; };
		828EE06894B0425096EA387D /* libPods.a */ = {isa = PBXFileReference; explicitFileType = archive.ar; includeInIndex = 0; path = libPods.a; sourceTree = BUILT_PRODUCTS_DIR; };
		8455EDFC17C60C5000D0BD03 /* MyFord_Touch_EULA.txt */ = {isa = PBXFileReference; fileEncoding = 4; lastKnownFileType = text; path = MyFord_Touch_EULA.txt; sourceTree = "<group>"; };
		B30E2CA54ED146089E86260C /* Pods.xcconfig */ = {isa = PBXFileReference; includeInIndex = 1; lastKnownFileType = text.xcconfig; name = Pods.xcconfig; path = Pods/Pods.xcconfig; sourceTree = SOURCE_ROOT; };
		BA06079E173A6E1600381DE8 /* SettingsTest.m */ = {isa = PBXFileReference; fileEncoding = 4; lastKnownFileType = sourcecode.c.objc; path = SettingsTest.m; sourceTree = "<group>"; };
		BA0607A0173CD49E00381DE8 /* Settings_Private.h */ = {isa = PBXFileReference; fileEncoding = 4; lastKnownFileType = sourcecode.c.h; path = Settings_Private.h; sourceTree = "<group>"; };
		BA0DC5D617295BD40007C49A /* MBControllerBackendTest.m */ = {isa = PBXFileReference; fileEncoding = 4; lastKnownFileType = sourcecode.c.objc; path = MBControllerBackendTest.m; sourceTree = "<group>"; };
		BA19C370162C0EC000BF2751 /* plist_build_info.sh */ = {isa = PBXFileReference; fileEncoding = 4; lastKnownFileType = text.script.sh; path = plist_build_info.sh; sourceTree = SOURCE_ROOT; };
		BA1A73591612FB81005D7E9E /* libMessageBroker.a */ = {isa = PBXFileReference; explicitFileType = archive.ar; path = libMessageBroker.a; sourceTree = BUILT_PRODUCTS_DIR; };
		BA1BEBB51781803B00B77455 /* Makefile */ = {isa = PBXFileReference; explicitFileType = sourcecode.make; path = Makefile; sourceTree = "<group>"; };
		BA1BEBB6178187E500B77455 /* HOWTO.BUILD_from_archive.txt */ = {isa = PBXFileReference; lastKnownFileType = text; name = HOWTO.BUILD_from_archive.txt; path = ../doc/HOWTO.BUILD_from_archive.txt; sourceTree = "<group>"; };
		BA34A19C1679D69A00DFE7BF /* video */ = {isa = PBXFileReference; lastKnownFileType = folder; name = video; path = src/fr/video; sourceTree = "<group>"; };
		BA38CEDD15BFFFF1001BF3F5 /* ffw */ = {isa = PBXFileReference; lastKnownFileType = folder; name = ffw; path = src/ffw; sourceTree = "<group>"; };
		BA39E43E165A71A000738502 /* MFT_Guide_French.app */ = {isa = PBXFileReference; explicitFileType = wrapper.application; includeInIndex = 0; path = MFT_Guide_French.app; sourceTree = BUILT_PRODUCTS_DIR; };
		BA39E440165A71A100738502 /* avatar-french-Info.plist */ = {isa = PBXFileReference; lastKnownFileType = text.plist.xml; path = "avatar-french-Info.plist"; sourceTree = "<group>"; };
		BA3B17CC15F8E05000029216 /* index.awk */ = {isa = PBXFileReference; lastKnownFileType = text; path = index.awk; sourceTree = SOURCE_ROOT; };
		BA461E8315A5D22C0078846F /* Security.framework */ = {isa = PBXFileReference; includeInIndex = 1; lastKnownFileType = wrapper.framework; name = Security.framework; path = System/Library/Frameworks/Security.framework; sourceTree = SDKROOT; };
		BA461E8515A5D2440078846F /* CFNetwork.framework */ = {isa = PBXFileReference; includeInIndex = 1; lastKnownFileType = wrapper.framework; name = CFNetwork.framework; path = System/Library/Frameworks/CFNetwork.framework; sourceTree = SDKROOT; };
		BA461E8F15A5D3620078846F /* MBClient.h */ = {isa = PBXFileReference; fileEncoding = 4; lastKnownFileType = sourcecode.c.h; path = MBClient.h; sourceTree = "<group>"; };
		BA461E9015A5D3620078846F /* MBClient.m */ = {isa = PBXFileReference; fileEncoding = 4; lastKnownFileType = sourcecode.c.objc; path = MBClient.m; sourceTree = "<group>"; };
		BA461E9115A5D3620078846F /* MBConst.h */ = {isa = PBXFileReference; fileEncoding = 4; lastKnownFileType = sourcecode.c.h; path = MBConst.h; sourceTree = "<group>"; };
		BA461E9215A5D3620078846F /* MBConst.mm */ = {isa = PBXFileReference; fileEncoding = 4; lastKnownFileType = sourcecode.cpp.objcpp; path = MBConst.mm; sourceTree = "<group>"; };
		BA461E9315A5D3620078846F /* MBController.h */ = {isa = PBXFileReference; fileEncoding = 4; lastKnownFileType = sourcecode.c.h; path = MBController.h; sourceTree = "<group>"; };
		BA461E9415A5D3620078846F /* MBController.m */ = {isa = PBXFileReference; fileEncoding = 4; lastKnownFileType = sourcecode.c.objc; path = MBController.m; sourceTree = "<group>"; };
		BA461E9515A5D3620078846F /* MBMessageBroker.h */ = {isa = PBXFileReference; fileEncoding = 4; lastKnownFileType = sourcecode.c.h; path = MBMessageBroker.h; sourceTree = "<group>"; };
		BA461E9615A5D3620078846F /* MBMessageBroker.mm */ = {isa = PBXFileReference; fileEncoding = 4; lastKnownFileType = sourcecode.cpp.objcpp; path = MBMessageBroker.mm; sourceTree = "<group>"; };
		BA461E9715A5D3620078846F /* MBServer.h */ = {isa = PBXFileReference; fileEncoding = 4; lastKnownFileType = sourcecode.c.h; path = MBServer.h; sourceTree = "<group>"; };
		BA461E9815A5D3620078846F /* MBServer.m */ = {isa = PBXFileReference; fileEncoding = 4; lastKnownFileType = sourcecode.c.objc; path = MBServer.m; sourceTree = "<group>"; };
		BA461EA815A6E1640078846F /* MBControllerBackend.h */ = {isa = PBXFileReference; fileEncoding = 4; lastKnownFileType = sourcecode.c.h; path = MBControllerBackend.h; sourceTree = "<group>"; };
		BA461EA915A6E1640078846F /* MBControllerBackend.m */ = {isa = PBXFileReference; fileEncoding = 4; lastKnownFileType = sourcecode.c.objc; path = MBControllerBackend.m; sourceTree = "<group>"; };
		BA461EAC15A6FC3B0078846F /* Settings.h */ = {isa = PBXFileReference; fileEncoding = 4; lastKnownFileType = sourcecode.c.h; path = Settings.h; sourceTree = "<group>"; };
		BA461EAD15A6FC3B0078846F /* Settings.m */ = {isa = PBXFileReference; fileEncoding = 4; lastKnownFileType = sourcecode.c.objc; path = Settings.m; sourceTree = "<group>"; };
		BA50BE6815C2DD1800CC3A79 /* HOWTO.BUILD.txt */ = {isa = PBXFileReference; fileEncoding = 4; lastKnownFileType = text; name = HOWTO.BUILD.txt; path = ../doc/HOWTO.BUILD.txt; sourceTree = "<group>"; };
		BA63D26B1762166200B11D6A /* update_videos.sh */ = {isa = PBXFileReference; lastKnownFileType = text.script.sh; path = update_videos.sh; sourceTree = SOURCE_ROOT; };
		BA7CA65917BCB87B0063C464 /* EULAViewController.h */ = {isa = PBXFileReference; fileEncoding = 4; lastKnownFileType = sourcecode.c.h; path = EULAViewController.h; sourceTree = "<group>"; };
		BA7CA65A17BCB87B0063C464 /* EULAViewController.m */ = {isa = PBXFileReference; fileEncoding = 4; lastKnownFileType = sourcecode.c.objc; path = EULAViewController.m; sourceTree = "<group>"; };
		BA7CA65B17BCB87B0063C464 /* EULAViewController.xib */ = {isa = PBXFileReference; fileEncoding = 4; lastKnownFileType = file.xib; path = EULAViewController.xib; sourceTree = "<group>"; };
		BA8363E91714099A000AFC86 /* ava_testing.txt */ = {isa = PBXFileReference; lastKnownFileType = text; name = ava_testing.txt; path = ../../doc/ava_testing.txt; sourceTree = "<group>"; };
		BA8C74591590BB9700A14D1B /* app */ = {isa = PBXFileReference; lastKnownFileType = folder; name = app; path = src/app; sourceTree = "<group>"; };
		BA8C745A1590BB9700A14D1B /* css */ = {isa = PBXFileReference; lastKnownFileType = folder; name = css; path = src/css; sourceTree = "<group>"; };
		BA8C745B1590BB9700A14D1B /* images */ = {isa = PBXFileReference; lastKnownFileType = folder; name = images; path = src/images; sourceTree = "<group>"; };
		BA8C745C1590BB9700A14D1B /* index.html */ = {isa = PBXFileReference; fileEncoding = 4; lastKnownFileType = text.html; name = index.html; path = src/index.html; sourceTree = "<group>"; };
		BA8C745D1590BB9700A14D1B /* lib */ = {isa = PBXFileReference; lastKnownFileType = folder; name = lib; path = src/lib; sourceTree = "<group>"; };
		BA8C745E1590BB9700A14D1B /* locale */ = {isa = PBXFileReference; lastKnownFileType = folder; name = locale; path = src/locale; sourceTree = "<group>"; };
		BA8C745F1590BB9700A14D1B /* video */ = {isa = PBXFileReference; lastKnownFileType = folder; name = video; path = src/video; sourceTree = "<group>"; };
		BA96E3FC15D4F80400B1E501 /* MBMessageBrokerTest.m */ = {isa = PBXFileReference; fileEncoding = 4; lastKnownFileType = sourcecode.c.objc; path = MBMessageBrokerTest.m; sourceTree = "<group>"; };
		BA96E40215D4FEAA00B1E501 /* MBTestConst.m */ = {isa = PBXFileReference; fileEncoding = 4; lastKnownFileType = sourcecode.c.objc; path = MBTestConst.m; sourceTree = "<group>"; };
		BA97100315D3BE7F00D69AE8 /* MBServerTest.m */ = {isa = PBXFileReference; fileEncoding = 4; lastKnownFileType = sourcecode.c.objc; path = MBServerTest.m; sourceTree = "<group>"; };
		BAA6B79815D8F30400361EAB /* MBWebSocketHandshakeTest.m */ = {isa = PBXFileReference; fileEncoding = 4; lastKnownFileType = sourcecode.c.objc; path = MBWebSocketHandshakeTest.m; sourceTree = "<group>"; };
		BAA6B79B15D8F63D00361EAB /* MBServer_Private.h */ = {isa = PBXFileReference; fileEncoding = 4; lastKnownFileType = sourcecode.c.h; path = MBServer_Private.h; sourceTree = "<group>"; };
		BAA9275D1603467E003EE0B3 /* check_video.sh */ = {isa = PBXFileReference; lastKnownFileType = text.script.sh; path = check_video.sh; sourceTree = SOURCE_ROOT; };
		BAB3148017268B4300243CAC /* MBController_Private.h */ = {isa = PBXFileReference; fileEncoding = 4; lastKnownFileType = sourcecode.c.h; path = MBController_Private.h; sourceTree = "<group>"; };
		BAB3148117268CD800243CAC /* MBControllerTest.m */ = {isa = PBXFileReference; fileEncoding = 4; lastKnownFileType = sourcecode.c.objc; path = MBControllerTest.m; sourceTree = "<group>"; };
		BAB8959815D00DDB007402DE /* test.app */ = {isa = PBXFileReference; explicitFileType = wrapper.application; includeInIndex = 0; path = test.app; sourceTree = BUILT_PRODUCTS_DIR; };
		BAB8959F15D00DDB007402DE /* test-Info.plist */ = {isa = PBXFileReference; lastKnownFileType = text.plist.xml; path = "test-Info.plist"; sourceTree = "<group>"; };
		BAB895A115D00DDB007402DE /* en */ = {isa = PBXFileReference; lastKnownFileType = text.plist.strings; name = en; path = en.lproj/InfoPlist.strings; sourceTree = "<group>"; };
		BAB895A315D00DDB007402DE /* main.m */ = {isa = PBXFileReference; lastKnownFileType = sourcecode.c.objc; path = main.m; sourceTree = "<group>"; };
		BAB895A515D00DDB007402DE /* test-Prefix.pch */ = {isa = PBXFileReference; lastKnownFileType = sourcecode.c.h; path = "test-Prefix.pch"; sourceTree = "<group>"; };
		BAB8965F15D118CB007402DE /* MBWebSocketHelperTest.m */ = {isa = PBXFileReference; fileEncoding = 4; lastKnownFileType = sourcecode.c.objc; path = MBWebSocketHelperTest.m; sourceTree = "<group>"; };
		BAB8966815D14154007402DE /* MBConstTest.m */ = {isa = PBXFileReference; fileEncoding = 4; lastKnownFileType = sourcecode.c.objc; path = MBConstTest.m; sourceTree = "<group>"; };
		BAB896D015D26927007402DE /* MBControllerMessageGeneratingTest.m */ = {isa = PBXFileReference; fileEncoding = 4; lastKnownFileType = sourcecode.c.objc; path = MBControllerMessageGeneratingTest.m; sourceTree = "<group>"; };
		BAC07A6F17E09A4100CBB960 /* QuartzCore.framework */ = {isa = PBXFileReference; lastKnownFileType = wrapper.framework; name = QuartzCore.framework; path = System/Library/Frameworks/QuartzCore.framework; sourceTree = SDKROOT; };
		BAC51ACC15B6E2F500762C0B /* compress.sh */ = {isa = PBXFileReference; fileEncoding = 4; lastKnownFileType = text.script.sh; path = compress.sh; sourceTree = SOURCE_ROOT; };
		BAC5A21717B8EDB7000BD6F6 /* splash-es.png */ = {isa = PBXFileReference; lastKnownFileType = image.png; name = "splash-es.png"; path = "icons/splash-es.png"; sourceTree = "<group>"; };
		BAC5A24917B8EDE4000BD6F6 /* MFT_Guide_Spanish.app */ = {isa = PBXFileReference; explicitFileType = wrapper.application; includeInIndex = 0; path = MFT_Guide_Spanish.app; sourceTree = BUILT_PRODUCTS_DIR; };
		BAC5A24C17B8EF2C000BD6F6 /* avatar-spanish-Info.plist */ = {isa = PBXFileReference; fileEncoding = 4; lastKnownFileType = text.plist.xml; path = "avatar-spanish-Info.plist"; sourceTree = "<group>"; };
		BAD0E3F5174526E3006B4C5C /* Default-568h@2x.png */ = {isa = PBXFileReference; lastKnownFileType = image.png; name = "Default-568h@2x.png"; path = "icons/Default-568h@2x.png"; sourceTree = "<group>"; };
		BAD0E3F6174526E3006B4C5C /* Icon-72.png */ = {isa = PBXFileReference; lastKnownFileType = image.png; name = "Icon-72.png"; path = "icons/Icon-72.png"; sourceTree = "<group>"; };
		BAD0E3F7174526E3006B4C5C /* Icon-72@2x.png */ = {isa = PBXFileReference; lastKnownFileType = image.png; name = "Icon-72@2x.png"; path = "icons/Icon-72@2x.png"; sourceTree = "<group>"; };
		BAD0E3F8174526E3006B4C5C /* Icon.png */ = {isa = PBXFileReference; lastKnownFileType = image.png; name = Icon.png; path = icons/Icon.png; sourceTree = "<group>"; };
		BAD0E3F9174526E3006B4C5C /* Icon@2x.png */ = {isa = PBXFileReference; lastKnownFileType = image.png; name = "Icon@2x.png"; path = "icons/Icon@2x.png"; sourceTree = "<group>"; };
		BAD0E3FA174526E3006B4C5C /* iTunesArtwork */ = {isa = PBXFileReference; explicitFileType = image.png; name = iTunesArtwork; path = icons/iTunesArtwork; sourceTree = "<group>"; };
		BAD0E3FB174526E3006B4C5C /* splash-en.png */ = {isa = PBXFileReference; lastKnownFileType = image.png; name = "splash-en.png"; path = "icons/splash-en.png"; sourceTree = "<group>"; };
		BAD0E3FC174526E3006B4C5C /* splash-fr.png */ = {isa = PBXFileReference; lastKnownFileType = image.png; name = "splash-fr.png"; path = "icons/splash-fr.png"; sourceTree = "<group>"; };
		BAD89F6515FF3BC2002C50C4 /* MBTestConst.h */ = {isa = PBXFileReference; fileEncoding = 4; lastKnownFileType = sourcecode.c.h; path = MBTestConst.h; sourceTree = "<group>"; };
		BADF61F31677581700DA28BE /* AVFoundation.framework */ = {isa = PBXFileReference; lastKnownFileType = wrapper.framework; name = AVFoundation.framework; path = System/Library/Frameworks/AVFoundation.framework; sourceTree = SDKROOT; };
		BAE024F817CCC56D00B170BB /* MessageUI.framework */ = {isa = PBXFileReference; lastKnownFileType = wrapper.framework; name = MessageUI.framework; path = System/Library/Frameworks/MessageUI.framework; sourceTree = SDKROOT; };
		BAE9B2F817D71611005587C6 /* MBControllerRate.h */ = {isa = PBXFileReference; fileEncoding = 4; lastKnownFileType = sourcecode.c.h; path = MBControllerRate.h; sourceTree = "<group>"; };
		BAE9B2F917D71611005587C6 /* MBControllerRate.m */ = {isa = PBXFileReference; fileEncoding = 4; lastKnownFileType = sourcecode.c.objc; path = MBControllerRate.m; sourceTree = "<group>"; };
		BAF9BE911689BD390089ADCC /* map */ = {isa = PBXFileReference; lastKnownFileType = folder; name = map; path = src/map; sourceTree = "<group>"; };
		BAF9BE961689BE8D0089ADCC /* map */ = {isa = PBXFileReference; lastKnownFileType = folder; name = map; path = src/fr/map; sourceTree = "<group>"; };
		BAFBFD2B15AAF94B00917687 /* MBWebSocketHelper.h */ = {isa = PBXFileReference; fileEncoding = 4; lastKnownFileType = sourcecode.c.h; path = MBWebSocketHelper.h; sourceTree = "<group>"; };
		BAFBFD2C15AAF94B00917687 /* MBWebSocketHelper.mm */ = {isa = PBXFileReference; fileEncoding = 4; lastKnownFileType = sourcecode.cpp.objcpp; path = MBWebSocketHelper.mm; sourceTree = "<group>"; };
		EC9F1F523CC94033867FC5C6 /* libPods-test.a */ = {isa = PBXFileReference; explicitFileType = archive.ar; includeInIndex = 0; path = "libPods-test.a"; sourceTree = BUILT_PRODUCTS_DIR; };
		FF41AD6F14BCB67800153039 /* MFT_Guide.app */ = {isa = PBXFileReference; explicitFileType = wrapper.application; includeInIndex = 0; path = MFT_Guide.app; sourceTree = BUILT_PRODUCTS_DIR; };
		FF41AD7314BCB67800153039 /* UIKit.framework */ = {isa = PBXFileReference; includeInIndex = 1; lastKnownFileType = wrapper.framework; name = UIKit.framework; path = System/Library/Frameworks/UIKit.framework; sourceTree = SDKROOT; };
		FF41AD7514BCB67800153039 /* Foundation.framework */ = {isa = PBXFileReference; includeInIndex = 1; lastKnownFileType = wrapper.framework; name = Foundation.framework; path = System/Library/Frameworks/Foundation.framework; sourceTree = SDKROOT; };
		FF41AD7714BCB67800153039 /* CoreGraphics.framework */ = {isa = PBXFileReference; includeInIndex = 1; lastKnownFileType = wrapper.framework; name = CoreGraphics.framework; path = System/Library/Frameworks/CoreGraphics.framework; sourceTree = SDKROOT; };
		FF41AD7B14BCB67800153039 /* avatar-Info.plist */ = {isa = PBXFileReference; lastKnownFileType = text.plist.xml; path = "avatar-Info.plist"; sourceTree = "<group>"; };
		FF41AD7D14BCB67800153039 /* en */ = {isa = PBXFileReference; lastKnownFileType = text.plist.strings; name = en; path = en.lproj/InfoPlist.strings; sourceTree = "<group>"; };
		FF41AD7F14BCB67800153039 /* main.m */ = {isa = PBXFileReference; lastKnownFileType = sourcecode.c.objc; path = main.m; sourceTree = "<group>"; };
		FF41AD8114BCB67800153039 /* avatar-Prefix.pch */ = {isa = PBXFileReference; lastKnownFileType = sourcecode.c.h; path = "avatar-Prefix.pch"; sourceTree = "<group>"; };
		FF41AD8214BCB67800153039 /* AppDelegate.h */ = {isa = PBXFileReference; lastKnownFileType = sourcecode.c.h; path = AppDelegate.h; sourceTree = "<group>"; };
		FF41AD8314BCB67800153039 /* AppDelegate.m */ = {isa = PBXFileReference; lastKnownFileType = sourcecode.c.objc; path = AppDelegate.m; sourceTree = "<group>"; };
		FF41AD8514BCB67800153039 /* ViewController.h */ = {isa = PBXFileReference; lastKnownFileType = sourcecode.c.h; path = ViewController.h; sourceTree = "<group>"; };
		FF41AD8614BCB67800153039 /* ViewController.m */ = {isa = PBXFileReference; lastKnownFileType = sourcecode.c.objc; path = ViewController.m; sourceTree = "<group>"; };
		FF41AD8914BCB67900153039 /* en */ = {isa = PBXFileReference; lastKnownFileType = file.xib; name = en; path = en.lproj/ViewController_iPhone.xib; sourceTree = "<group>"; };
		FF41AD8C14BCB67900153039 /* en */ = {isa = PBXFileReference; lastKnownFileType = file.xib; name = en; path = en.lproj/ViewController_iPad.xib; sourceTree = "<group>"; };
/* End PBXFileReference section */

/* Begin PBXFrameworksBuildPhase section */
		BA39E414165A71A000738502 /* Frameworks */ = {
			isa = PBXFrameworksBuildPhase;
			buildActionMask = 2147483647;
			files = (
				BADF61F61677582400DA28BE /* AVFoundation.framework in Frameworks */,
				BA39E415165A71A000738502 /* CFNetwork.framework in Frameworks */,
				BA39E416165A71A000738502 /* Security.framework in Frameworks */,
				BA39E417165A71A000738502 /* UIKit.framework in Frameworks */,
				BA39E418165A71A000738502 /* Foundation.framework in Frameworks */,
				BA39E419165A71A000738502 /* CoreGraphics.framework in Frameworks */,
				BAE024FA17CCC58500B170BB /* MessageUI.framework in Frameworks */,
				BAC07A7117E09A5100CBB960 /* QuartzCore.framework in Frameworks */,
				BA39E41A165A71A000738502 /* libPods.a in Frameworks */,
				BA39E41B165A71A000738502 /* libMessageBroker.a in Frameworks */,
			);
			runOnlyForDeploymentPostprocessing = 0;
		};
		BAB8959515D00DDB007402DE /* Frameworks */ = {
			isa = PBXFrameworksBuildPhase;
			buildActionMask = 2147483647;
			files = (
				BAB8959A15D00DDB007402DE /* UIKit.framework in Frameworks */,
				BAB8959B15D00DDB007402DE /* Foundation.framework in Frameworks */,
				BAB8959C15D00DDB007402DE /* CoreGraphics.framework in Frameworks */,
				F9CB32A4D287427F9F7BB22E /* libPods-test.a in Frameworks */,
				BA1A738D16130B69005D7E9E /* libMessageBroker.a in Frameworks */,
			);
			runOnlyForDeploymentPostprocessing = 0;
		};
		BAC5A22617B8EDE4000BD6F6 /* Frameworks */ = {
			isa = PBXFrameworksBuildPhase;
			buildActionMask = 2147483647;
			files = (
				BAC5A22717B8EDE4000BD6F6 /* AVFoundation.framework in Frameworks */,
				BAC5A22817B8EDE4000BD6F6 /* CFNetwork.framework in Frameworks */,
				BAC5A22917B8EDE4000BD6F6 /* Security.framework in Frameworks */,
				BAC5A22A17B8EDE4000BD6F6 /* UIKit.framework in Frameworks */,
				BAC5A22B17B8EDE4000BD6F6 /* Foundation.framework in Frameworks */,
				BAC5A22C17B8EDE4000BD6F6 /* CoreGraphics.framework in Frameworks */,
				BAE024FB17CCC59200B170BB /* MessageUI.framework in Frameworks */,
				BAC07A7217E09A5E00CBB960 /* QuartzCore.framework in Frameworks */,
				BAC5A22D17B8EDE4000BD6F6 /* libPods.a in Frameworks */,
				BAC5A22E17B8EDE4000BD6F6 /* libMessageBroker.a in Frameworks */,
			);
			runOnlyForDeploymentPostprocessing = 0;
		};
		FF41AD6C14BCB67800153039 /* Frameworks */ = {
			isa = PBXFrameworksBuildPhase;
			buildActionMask = 2147483647;
			files = (
				BADF61F41677581700DA28BE /* AVFoundation.framework in Frameworks */,
				BA461E8615A5D2440078846F /* CFNetwork.framework in Frameworks */,
				BA461E8415A5D22C0078846F /* Security.framework in Frameworks */,
				FF41AD7414BCB67800153039 /* UIKit.framework in Frameworks */,
				FF41AD7614BCB67800153039 /* Foundation.framework in Frameworks */,
				FF41AD7814BCB67800153039 /* CoreGraphics.framework in Frameworks */,
				BAE024F917CCC56D00B170BB /* MessageUI.framework in Frameworks */,
				BAC07A7017E09A4100CBB960 /* QuartzCore.framework in Frameworks */,
				C738530E2CEF475495AC5B86 /* libPods.a in Frameworks */,
				BA1A735A1612FB81005D7E9E /* libMessageBroker.a in Frameworks */,
			);
			runOnlyForDeploymentPostprocessing = 0;
		};
/* End PBXFrameworksBuildPhase section */

/* Begin PBXGroup section */
		BA34A19F1679D8E400DFE7BF /* French */ = {
			isa = PBXGroup;
			children = (
				BAF9BE961689BE8D0089ADCC /* map */,
				BA34A19C1679D69A00DFE7BF /* video */,
			);
			name = French;
			sourceTree = "<group>";
		};
		BA461E8915A5D3620078846F /* ClientServer */ = {
			isa = PBXGroup;
			children = (
				BA461E8A15A5D3620078846F /* Controllers */,
				BA461E8F15A5D3620078846F /* MBClient.h */,
				BA461E9015A5D3620078846F /* MBClient.m */,
				BA461E9115A5D3620078846F /* MBConst.h */,
				BA461E9215A5D3620078846F /* MBConst.mm */,
				BA461E9315A5D3620078846F /* MBController.h */,
				BAB3148017268B4300243CAC /* MBController_Private.h */,
				BA461E9415A5D3620078846F /* MBController.m */,
				BA461E9515A5D3620078846F /* MBMessageBroker.h */,
				BA461E9615A5D3620078846F /* MBMessageBroker.mm */,
				BA461E9715A5D3620078846F /* MBServer.h */,
				BAA6B79B15D8F63D00361EAB /* MBServer_Private.h */,
				BA461E9815A5D3620078846F /* MBServer.m */,
				BAFBFD2B15AAF94B00917687 /* MBWebSocketHelper.h */,
				BAFBFD2C15AAF94B00917687 /* MBWebSocketHelper.mm */,
			);
			path = ClientServer;
			sourceTree = "<group>";
		};
		BA461E8A15A5D3620078846F /* Controllers */ = {
			isa = PBXGroup;
			children = (
				BA461EA815A6E1640078846F /* MBControllerBackend.h */,
				BA461EA915A6E1640078846F /* MBControllerBackend.m */,
				BAE9B2F817D71611005587C6 /* MBControllerRate.h */,
				BAE9B2F917D71611005587C6 /* MBControllerRate.m */,
			);
			path = Controllers;
			sourceTree = "<group>";
		};
		BA7CA65817BCB87B0063C464 /* EULAViewController */ = {
			isa = PBXGroup;
			children = (
				BA7CA65917BCB87B0063C464 /* EULAViewController.h */,
				BA7CA65A17BCB87B0063C464 /* EULAViewController.m */,
				BA7CA65B17BCB87B0063C464 /* EULAViewController.xib */,
			);
			path = EULAViewController;
			sourceTree = "<group>";
		};
		BAB8959D15D00DDB007402DE /* test */ = {
			isa = PBXGroup;
			children = (
				BA8363E91714099A000AFC86 /* ava_testing.txt */,
				BAD89F6515FF3BC2002C50C4 /* MBTestConst.h */,
				BA96E40215D4FEAA00B1E501 /* MBTestConst.m */,
				BAB8965F15D118CB007402DE /* MBWebSocketHelperTest.m */,
				BAB8966815D14154007402DE /* MBConstTest.m */,
				BAB3148117268CD800243CAC /* MBControllerTest.m */,
				BA0DC5D617295BD40007C49A /* MBControllerBackendTest.m */,
				BAB896D015D26927007402DE /* MBControllerMessageGeneratingTest.m */,
				BA97100315D3BE7F00D69AE8 /* MBServerTest.m */,
				BA96E3FC15D4F80400B1E501 /* MBMessageBrokerTest.m */,
				BAA6B79815D8F30400361EAB /* MBWebSocketHandshakeTest.m */,
				BA06079E173A6E1600381DE8 /* SettingsTest.m */,
				BAB8959E15D00DDB007402DE /* Supporting Files */,
			);
			path = test;
			sourceTree = "<group>";
		};
		BAB8959E15D00DDB007402DE /* Supporting Files */ = {
			isa = PBXGroup;
			children = (
				BAB8959F15D00DDB007402DE /* test-Info.plist */,
				BAB895A015D00DDB007402DE /* InfoPlist.strings */,
				BAB895A315D00DDB007402DE /* main.m */,
				BAB895A515D00DDB007402DE /* test-Prefix.pch */,
			);
			name = "Supporting Files";
			sourceTree = "<group>";
		};
		FF41AD6414BCB67800153039 = {
			isa = PBXGroup;
			children = (
				BA50BE6815C2DD1800CC3A79 /* HOWTO.BUILD.txt */,
				BA1BEBB6178187E500B77455 /* HOWTO.BUILD_from_archive.txt */,
				FF41AD9314BCB6C300153039 /* www */,
				FF41AD7914BCB67800153039 /* avatar */,
				BAB8959D15D00DDB007402DE /* test */,
				FF41AD7214BCB67800153039 /* Frameworks */,
				FF41AD7014BCB67800153039 /* Products */,
				B30E2CA54ED146089E86260C /* Pods.xcconfig */,
				05B2A61AB54C4DD5A8F02FE1 /* Pods-test.xcconfig */,
			);
			sourceTree = "<group>";
		};
		FF41AD7014BCB67800153039 /* Products */ = {
			isa = PBXGroup;
			children = (
				FF41AD6F14BCB67800153039 /* MFT_Guide.app */,
				BAB8959815D00DDB007402DE /* test.app */,
				BA39E43E165A71A000738502 /* MFT_Guide_French.app */,
				BAC5A24917B8EDE4000BD6F6 /* MFT_Guide_Spanish.app */,
			);
			name = Products;
			sourceTree = "<group>";
		};
		FF41AD7214BCB67800153039 /* Frameworks */ = {
			isa = PBXGroup;
			children = (
				FF41AD7314BCB67800153039 /* UIKit.framework */,
				FF41AD7514BCB67800153039 /* Foundation.framework */,
				FF41AD7714BCB67800153039 /* CoreGraphics.framework */,
				BA461E8315A5D22C0078846F /* Security.framework */,
				BA461E8515A5D2440078846F /* CFNetwork.framework */,
				BADF61F31677581700DA28BE /* AVFoundation.framework */,
				BAE024F817CCC56D00B170BB /* MessageUI.framework */,
				BAC07A6F17E09A4100CBB960 /* QuartzCore.framework */,
				BA1A73591612FB81005D7E9E /* libMessageBroker.a */,
				828EE06894B0425096EA387D /* libPods.a */,
				EC9F1F523CC94033867FC5C6 /* libPods-test.a */,
			);
			name = Frameworks;
			sourceTree = "<group>";
		};
		FF41AD7914BCB67800153039 /* avatar */ = {
			isa = PBXGroup;
			children = (
				BA7CA65817BCB87B0063C464 /* EULAViewController */,
				BA461E8915A5D3620078846F /* ClientServer */,
				FF41AD8214BCB67800153039 /* AppDelegate.h */,
				FF41AD8314BCB67800153039 /* AppDelegate.m */,
				BA461EAC15A6FC3B0078846F /* Settings.h */,
				BA0607A0173CD49E00381DE8 /* Settings_Private.h */,
				BA461EAD15A6FC3B0078846F /* Settings.m */,
				FF41AD8514BCB67800153039 /* ViewController.h */,
				FF41AD8614BCB67800153039 /* ViewController.m */,
				FF41AD8814BCB67900153039 /* ViewController_iPhone.xib */,
				FF41AD8B14BCB67900153039 /* ViewController_iPad.xib */,
				FF41AD7A14BCB67800153039 /* Supporting Files */,
			);
			path = avatar;
			sourceTree = "<group>";
		};
		FF41AD7A14BCB67800153039 /* Supporting Files */ = {
			isa = PBXGroup;
			children = (
				8455EDFC17C60C5000D0BD03 /* MyFord_Touch_EULA.txt */,
				BA19C370162C0EC000BF2751 /* plist_build_info.sh */,
				BAA9275D1603467E003EE0B3 /* check_video.sh */,
				BA3B17CC15F8E05000029216 /* index.awk */,
				BAC51ACC15B6E2F500762C0B /* compress.sh */,
				BA63D26B1762166200B11D6A /* update_videos.sh */,
				FF41ADBA14BCBB1100153039 /* Images */,
				FF41AD7B14BCB67800153039 /* avatar-Info.plist */,
				BA39E440165A71A100738502 /* avatar-french-Info.plist */,
				BAC5A24C17B8EF2C000BD6F6 /* avatar-spanish-Info.plist */,
				FF41AD7C14BCB67800153039 /* InfoPlist.strings */,
				FF41AD7F14BCB67800153039 /* main.m */,
				FF41AD8114BCB67800153039 /* avatar-Prefix.pch */,
			);
			name = "Supporting Files";
			sourceTree = "<group>";
		};
		FF41AD9314BCB6C300153039 /* www */ = {
			isa = PBXGroup;
			children = (
				BA8C74591590BB9700A14D1B /* app */,
				BA8C745A1590BB9700A14D1B /* css */,
				BA38CEDD15BFFFF1001BF3F5 /* ffw */,
				BA8C745B1590BB9700A14D1B /* images */,
				BA8C745C1590BB9700A14D1B /* index.html */,
				BA8C745D1590BB9700A14D1B /* lib */,
				BA8C745E1590BB9700A14D1B /* locale */,
				BAF9BE911689BD390089ADCC /* map */,
				BA8C745F1590BB9700A14D1B /* video */,
				BA34A19F1679D8E400DFE7BF /* French */,
				BA1BEBB51781803B00B77455 /* Makefile */,
			);
			name = www;
			path = ../../../web;
			sourceTree = "<group>";
		};
		FF41ADBA14BCBB1100153039 /* Images */ = {
			isa = PBXGroup;
			children = (
				BAD0E3F5174526E3006B4C5C /* Default-568h@2x.png */,
				BAD0E3F6174526E3006B4C5C /* Icon-72.png */,
				BAD0E3F7174526E3006B4C5C /* Icon-72@2x.png */,
				BAD0E3F8174526E3006B4C5C /* Icon.png */,
				BAD0E3F9174526E3006B4C5C /* Icon@2x.png */,
				BAD0E3FA174526E3006B4C5C /* iTunesArtwork */,
				BAD0E3FB174526E3006B4C5C /* splash-en.png */,
				BAC5A21717B8EDB7000BD6F6 /* splash-es.png */,
				BAD0E3FC174526E3006B4C5C /* splash-fr.png */,
			);
			name = Images;
			sourceTree = "<group>";
		};
/* End PBXGroup section */

/* Begin PBXNativeTarget section */
		BA39E407165A71A000738502 /* avatar-french */ = {
			isa = PBXNativeTarget;
			buildConfigurationList = BA39E43A165A71A000738502 /* Build configuration list for PBXNativeTarget "avatar-french" */;
			buildPhases = (
				BA39E408165A71A000738502 /* Sources */,
				BA39E414165A71A000738502 /* Frameworks */,
				BA39E41C165A71A000738502 /* Checking if video exists */,
				BA39E441165A7E7600738502 /* Apply French-specific amendments */,
				BA39E41D165A71A000738502 /* Compressing and copying JS&CSS */,
				BA39E41E165A71A000738502 /* Resources */,
				BA39E442165A7E9400738502 /* Undo French-specific amendments */,
				BA39E438165A71A000738502 /* Copy Pods Resources */,
				BA39E439165A71A000738502 /* Save build info into info.plist */,
			);
			buildRules = (
			);
			dependencies = (
			);
			name = "avatar-french";
			productName = avatar;
			productReference = BA39E43E165A71A000738502 /* MFT_Guide_French.app */;
			productType = "com.apple.product-type.application";
		};
		BAB8959715D00DDB007402DE /* test */ = {
			isa = PBXNativeTarget;
			buildConfigurationList = BAB895AF15D00DDB007402DE /* Build configuration list for PBXNativeTarget "test" */;
			buildPhases = (
				BAB8959415D00DDB007402DE /* Sources */,
				BAB8959515D00DDB007402DE /* Frameworks */,
				BAB8959615D00DDB007402DE /* Resources */,
				BB30289A1DEE4C5CBE206138 /* Copy Pods Resources */,
				BA4CBAF81609EAC7005B495C /* Run Tests (for Command-Line Support) */,
			);
			buildRules = (
			);
			dependencies = (
			);
			name = test;
			productName = test;
			productReference = BAB8959815D00DDB007402DE /* test.app */;
			productType = "com.apple.product-type.application";
		};
		BAC5A21917B8EDE4000BD6F6 /* avatar-spanish */ = {
			isa = PBXNativeTarget;
			buildConfigurationList = BAC5A24517B8EDE4000BD6F6 /* Build configuration list for PBXNativeTarget "avatar-spanish" */;
			buildPhases = (
				BAC5A21A17B8EDE4000BD6F6 /* Sources */,
				BAC5A22617B8EDE4000BD6F6 /* Frameworks */,
				BAC5A22F17B8EDE4000BD6F6 /* Checking if video exists */,
				BAC5A23017B8EDE4000BD6F6 /* Apply Spanish-specific amendments */,
				BAC5A23117B8EDE4000BD6F6 /* Compressing and copying JS&CSS */,
				BAC5A23217B8EDE4000BD6F6 /* Resources */,
				BAC5A24217B8EDE4000BD6F6 /* Undo Spanish-specific amendments */,
				BAC5A24317B8EDE4000BD6F6 /* Copy Pods Resources */,
				BAC5A24417B8EDE4000BD6F6 /* Save build info into info.plist */,
			);
			buildRules = (
			);
			dependencies = (
			);
			name = "avatar-spanish";
			productName = avatar;
			productReference = BAC5A24917B8EDE4000BD6F6 /* MFT_Guide_Spanish.app */;
			productType = "com.apple.product-type.application";
		};
		FF41AD6E14BCB67800153039 /* avatar */ = {
			isa = PBXNativeTarget;
			buildConfigurationList = FF41AD9014BCB67900153039 /* Build configuration list for PBXNativeTarget "avatar" */;
			buildPhases = (
				FF41AD6B14BCB67800153039 /* Sources */,
				FF41AD6C14BCB67800153039 /* Frameworks */,
				BA2363DA15BD41EF00706F21 /* Checking if video exists */,
				BAC51A3215B5B27F00762C0B /* Compressing and copying JS&CSS */,
				FF41AD6D14BCB67800153039 /* Resources */,
				B0312EBCD2464F03ADBB6B7F /* Copy Pods Resources */,
				BA19C373162C11E700BF2751 /* Save build info into info.plist */,
			);
			buildRules = (
			);
			dependencies = (
			);
			name = avatar;
			productName = avatar;
			productReference = FF41AD6F14BCB67800153039 /* MFT_Guide.app */;
			productType = "com.apple.product-type.application";
		};
/* End PBXNativeTarget section */

/* Begin PBXProject section */
		FF41AD6614BCB67800153039 /* Project object */ = {
			isa = PBXProject;
			attributes = {
				LastUpgradeCheck = 0460;
			};
			buildConfigurationList = FF41AD6914BCB67800153039 /* Build configuration list for PBXProject "avatar" */;
			compatibilityVersion = "Xcode 3.2";
			developmentRegion = English;
			hasScannedForEncodings = 0;
			knownRegions = (
				en,
			);
			mainGroup = FF41AD6414BCB67800153039;
			productRefGroup = FF41AD7014BCB67800153039 /* Products */;
			projectDirPath = "";
			projectRoot = "";
			targets = (
				FF41AD6E14BCB67800153039 /* avatar */,
				BA39E407165A71A000738502 /* avatar-french */,
				BAC5A21917B8EDE4000BD6F6 /* avatar-spanish */,
				BAB8959715D00DDB007402DE /* test */,
			);
		};
/* End PBXProject section */

/* Begin PBXResourcesBuildPhase section */
		BA39E41E165A71A000738502 /* Resources */ = {
			isa = PBXResourcesBuildPhase;
			buildActionMask = 2147483647;
			files = (
				BA39E41F165A71A000738502 /* InfoPlist.strings in Resources */,
				BA39E420165A71A000738502 /* ViewController_iPhone.xib in Resources */,
				BA39E421165A71A000738502 /* ViewController_iPad.xib in Resources */,
				BA39E430165A71A000738502 /* images in Resources */,
				BA39E432165A71A000738502 /* lib in Resources */,
				BA34A19D1679D69A00DFE7BF /* video in Resources */,
				BAF9BE971689BE8D0089ADCC /* map in Resources */,
				BAD0E3FE174526E3006B4C5C /* Default-568h@2x.png in Resources */,
				BAD0E400174526E3006B4C5C /* Icon-72.png in Resources */,
				BAD0E402174526E3006B4C5C /* Icon-72@2x.png in Resources */,
				BAD0E404174526E3006B4C5C /* Icon.png in Resources */,
				BAD0E406174526E3006B4C5C /* Icon@2x.png in Resources */,
				BAD0E408174526E3006B4C5C /* iTunesArtwork in Resources */,
				BAC5A24E17B8F66C000BD6F6 /* splash-fr.png in Resources */,
				BA7CA64C17B90BB80063C464 /* splash-en.png in Resources */,
				BA7CA66017BCB87B0063C464 /* EULAViewController.xib in Resources */,
				8455EDFE17C60C5000D0BD03 /* MyFord_Touch_EULA.txt in Resources */,
			);
			runOnlyForDeploymentPostprocessing = 0;
		};
		BAB8959615D00DDB007402DE /* Resources */ = {
			isa = PBXResourcesBuildPhase;
			buildActionMask = 2147483647;
			files = (
				BAB895A215D00DDB007402DE /* InfoPlist.strings in Resources */,
				BA683C141754DC6B00588BD1 /* Default-568h@2x.png in Resources */,
			);
			runOnlyForDeploymentPostprocessing = 0;
		};
		BAC5A23217B8EDE4000BD6F6 /* Resources */ = {
			isa = PBXResourcesBuildPhase;
			buildActionMask = 2147483647;
			files = (
				BAC5A23317B8EDE4000BD6F6 /* InfoPlist.strings in Resources */,
				BAC5A23417B8EDE4000BD6F6 /* ViewController_iPhone.xib in Resources */,
				BAC5A23517B8EDE4000BD6F6 /* ViewController_iPad.xib in Resources */,
				BAC5A23617B8EDE4000BD6F6 /* images in Resources */,
				BAC5A23717B8EDE4000BD6F6 /* lib in Resources */,
				BAC5A23B17B8EDE4000BD6F6 /* Default-568h@2x.png in Resources */,
				BAC5A23C17B8EDE4000BD6F6 /* Icon-72.png in Resources */,
				BAC5A23D17B8EDE4000BD6F6 /* Icon-72@2x.png in Resources */,
				BAC5A23E17B8EDE4000BD6F6 /* Icon.png in Resources */,
				BAC5A23F17B8EDE4000BD6F6 /* Icon@2x.png in Resources */,
				BAC5A24017B8EDE4000BD6F6 /* iTunesArtwork in Resources */,
				BAC5A24B17B8EE0B000BD6F6 /* splash-es.png in Resources */,
				BAC5A24F17B8F9AB000BD6F6 /* video in Resources */,
				BAC5A25017B8F9BD000BD6F6 /* map in Resources */,
				BA7CA64D17B90BB80063C464 /* splash-en.png in Resources */,
				BA7CA66117BCB87B0063C464 /* EULAViewController.xib in Resources */,
				8455EDFF17C60C5000D0BD03 /* MyFord_Touch_EULA.txt in Resources */,
			);
			runOnlyForDeploymentPostprocessing = 0;
		};
		FF41AD6D14BCB67800153039 /* Resources */ = {
			isa = PBXResourcesBuildPhase;
			buildActionMask = 2147483647;
			files = (
				FF41AD7E14BCB67800153039 /* InfoPlist.strings in Resources */,
				FF41AD8A14BCB67900153039 /* ViewController_iPhone.xib in Resources */,
				FF41AD8D14BCB67900153039 /* ViewController_iPad.xib in Resources */,
				BA8C74621590BB9700A14D1B /* images in Resources */,
				BA8C74641590BB9700A14D1B /* lib in Resources */,
				BA8C74661590BB9700A14D1B /* video in Resources */,
				BAF9BE921689BD390089ADCC /* map in Resources */,
				BAD0E3FD174526E3006B4C5C /* Default-568h@2x.png in Resources */,
				BAD0E3FF174526E3006B4C5C /* Icon-72.png in Resources */,
				BAD0E401174526E3006B4C5C /* Icon-72@2x.png in Resources */,
				BAD0E403174526E3006B4C5C /* Icon.png in Resources */,
				BAD0E405174526E3006B4C5C /* Icon@2x.png in Resources */,
				BAD0E407174526E3006B4C5C /* iTunesArtwork in Resources */,
				BAD0E409174526E3006B4C5C /* splash-en.png in Resources */,
				BA7CA65F17BCB87B0063C464 /* EULAViewController.xib in Resources */,
				8455EDFD17C60C5000D0BD03 /* MyFord_Touch_EULA.txt in Resources */,
			);
			runOnlyForDeploymentPostprocessing = 0;
		};
/* End PBXResourcesBuildPhase section */

/* Begin PBXShellScriptBuildPhase section */
		B0312EBCD2464F03ADBB6B7F /* Copy Pods Resources */ = {
			isa = PBXShellScriptBuildPhase;
			buildActionMask = 2147483647;
			files = (
			);
			inputPaths = (
			);
			name = "Copy Pods Resources";
			outputPaths = (
			);
			runOnlyForDeploymentPostprocessing = 0;
			shellPath = /bin/sh;
			shellScript = "\"${SRCROOT}/Pods/Pods-resources.sh\"\n";
		};
		BA19C373162C11E700BF2751 /* Save build info into info.plist */ = {
			isa = PBXShellScriptBuildPhase;
			buildActionMask = 2147483647;
			files = (
			);
			inputPaths = (
			);
			name = "Save build info into info.plist";
			outputPaths = (
			);
			runOnlyForDeploymentPostprocessing = 0;
			shellPath = /bin/sh;
			shellScript = "if [ \"$CONFIGURATION\" != \"Release\" ]; then\n    ${SRCROOT}/plist_build_info.sh\nelse\n    echo \"Not filling in the build info when building for app store\"\nfi";
			showEnvVarsInLog = 0;
		};
		BA2363DA15BD41EF00706F21 /* Checking if video exists */ = {
			isa = PBXShellScriptBuildPhase;
			buildActionMask = 2147483647;
			files = (
			);
			inputPaths = (
			);
			name = "Checking if video exists";
			outputPaths = (
			);
			runOnlyForDeploymentPostprocessing = 0;
			shellPath = /bin/sh;
			shellScript = "${SRCROOT}/check_video.sh";
		};
		BA39E41C165A71A000738502 /* Checking if video exists */ = {
			isa = PBXShellScriptBuildPhase;
			buildActionMask = 2147483647;
			files = (
			);
			inputPaths = (
			);
			name = "Checking if video exists";
			outputPaths = (
			);
			runOnlyForDeploymentPostprocessing = 0;
			shellPath = /bin/sh;
			shellScript = "${SRCROOT}/check_video.sh";
		};
		BA39E41D165A71A000738502 /* Compressing and copying JS&CSS */ = {
			isa = PBXShellScriptBuildPhase;
			buildActionMask = 2147483647;
			files = (
			);
			inputPaths = (
			);
			name = "Compressing and copying JS&CSS";
			outputPaths = (
			);
			runOnlyForDeploymentPostprocessing = 0;
			shellPath = /bin/bash;
			shellScript = "${SRCROOT}/compress.sh";
			showEnvVarsInLog = 0;
		};
		BA39E438165A71A000738502 /* Copy Pods Resources */ = {
			isa = PBXShellScriptBuildPhase;
			buildActionMask = 2147483647;
			files = (
			);
			inputPaths = (
			);
			name = "Copy Pods Resources";
			outputPaths = (
			);
			runOnlyForDeploymentPostprocessing = 0;
			shellPath = /bin/sh;
			shellScript = "\"${SRCROOT}/Pods/Pods-resources.sh\"\n";
		};
		BA39E439165A71A000738502 /* Save build info into info.plist */ = {
			isa = PBXShellScriptBuildPhase;
			buildActionMask = 2147483647;
			files = (
			);
			inputPaths = (
			);
			name = "Save build info into info.plist";
			outputPaths = (
			);
			runOnlyForDeploymentPostprocessing = 0;
			shellPath = /bin/sh;
			shellScript = "if [ \"$CONFIGURATION\" != \"Release\" ]; then\n    ${SRCROOT}/plist_build_info.sh\nelse\n    echo \"Not filling in the build info when building for app store\"\nfi";
			showEnvVarsInLog = 0;
		};
		BA39E441165A7E7600738502 /* Apply French-specific amendments */ = {
			isa = PBXShellScriptBuildPhase;
			buildActionMask = 2147483647;
			files = (
			);
			inputPaths = (
			);
			name = "Apply French-specific amendments";
			outputPaths = (
			);
			runOnlyForDeploymentPostprocessing = 0;
			shellPath = /bin/sh;
			shellScript = "sed -i '' -e'/locale:/s/eng/fr/' ../../../web/src/app/Flags.js";
			showEnvVarsInLog = 0;
		};
		BA39E442165A7E9400738502 /* Undo French-specific amendments */ = {
			isa = PBXShellScriptBuildPhase;
			buildActionMask = 2147483647;
			files = (
			);
			inputPaths = (
			);
			name = "Undo French-specific amendments";
			outputPaths = (
			);
			runOnlyForDeploymentPostprocessing = 0;
			shellPath = /bin/sh;
			shellScript = "sed -i '' -e'/locale:/s/fr/eng/' ../../../web/src/app/Flags.js";
			showEnvVarsInLog = 0;
		};
		BA4CBAF81609EAC7005B495C /* Run Tests (for Command-Line Support) */ = {
			isa = PBXShellScriptBuildPhase;
			buildActionMask = 2147483647;
			files = (
			);
			inputPaths = (
			);
			name = "Run Tests (for Command-Line Support)";
			outputPaths = (
			);
			runOnlyForDeploymentPostprocessing = 0;
			shellPath = /bin/sh;
			shellScript = "sh RunTests.sh";
			showEnvVarsInLog = 0;
		};
		BAC51A3215B5B27F00762C0B /* Compressing and copying JS&CSS */ = {
			isa = PBXShellScriptBuildPhase;
			buildActionMask = 2147483647;
			files = (
			);
			inputPaths = (
			);
			name = "Compressing and copying JS&CSS";
			outputPaths = (
			);
			runOnlyForDeploymentPostprocessing = 0;
			shellPath = /bin/bash;
			shellScript = "${SRCROOT}/compress.sh";
			showEnvVarsInLog = 0;
		};
		BAC5A22F17B8EDE4000BD6F6 /* Checking if video exists */ = {
			isa = PBXShellScriptBuildPhase;
			buildActionMask = 2147483647;
			files = (
			);
			inputPaths = (
			);
			name = "Checking if video exists";
			outputPaths = (
			);
			runOnlyForDeploymentPostprocessing = 0;
			shellPath = /bin/sh;
			shellScript = "${SRCROOT}/check_video.sh";
		};
		BAC5A23017B8EDE4000BD6F6 /* Apply Spanish-specific amendments */ = {
			isa = PBXShellScriptBuildPhase;
			buildActionMask = 2147483647;
			files = (
			);
			inputPaths = (
			);
			name = "Apply Spanish-specific amendments";
			outputPaths = (
			);
			runOnlyForDeploymentPostprocessing = 0;
			shellPath = /bin/sh;
			shellScript = "sed -i '' -e'/locale:/s/eng/spa/' ../../../web/src/app/Flags.js";
			showEnvVarsInLog = 0;
		};
		BAC5A23117B8EDE4000BD6F6 /* Compressing and copying JS&CSS */ = {
			isa = PBXShellScriptBuildPhase;
			buildActionMask = 2147483647;
			files = (
			);
			inputPaths = (
			);
			name = "Compressing and copying JS&CSS";
			outputPaths = (
			);
			runOnlyForDeploymentPostprocessing = 0;
			shellPath = /bin/bash;
			shellScript = "${SRCROOT}/compress.sh";
			showEnvVarsInLog = 0;
		};
		BAC5A24217B8EDE4000BD6F6 /* Undo Spanish-specific amendments */ = {
			isa = PBXShellScriptBuildPhase;
			buildActionMask = 2147483647;
			files = (
			);
			inputPaths = (
			);
			name = "Undo Spanish-specific amendments";
			outputPaths = (
			);
			runOnlyForDeploymentPostprocessing = 0;
			shellPath = /bin/sh;
			shellScript = "sed -i '' -e'/locale:/s/spa/eng/' ../../../web/src/app/Flags.js";
			showEnvVarsInLog = 0;
		};
		BAC5A24317B8EDE4000BD6F6 /* Copy Pods Resources */ = {
			isa = PBXShellScriptBuildPhase;
			buildActionMask = 2147483647;
			files = (
			);
			inputPaths = (
			);
			name = "Copy Pods Resources";
			outputPaths = (
			);
			runOnlyForDeploymentPostprocessing = 0;
			shellPath = /bin/sh;
			shellScript = "\"${SRCROOT}/Pods/Pods-resources.sh\"\n";
		};
		BAC5A24417B8EDE4000BD6F6 /* Save build info into info.plist */ = {
			isa = PBXShellScriptBuildPhase;
			buildActionMask = 2147483647;
			files = (
			);
			inputPaths = (
			);
			name = "Save build info into info.plist";
			outputPaths = (
			);
			runOnlyForDeploymentPostprocessing = 0;
			shellPath = /bin/sh;
			shellScript = "if [ \"$CONFIGURATION\" != \"Release\" ]; then\n    ${SRCROOT}/plist_build_info.sh\nelse\n    echo \"Not filling in the build info when building for app store\"\nfi";
			showEnvVarsInLog = 0;
		};
		BB30289A1DEE4C5CBE206138 /* Copy Pods Resources */ = {
			isa = PBXShellScriptBuildPhase;
			buildActionMask = 2147483647;
			files = (
			);
			inputPaths = (
			);
			name = "Copy Pods Resources";
			outputPaths = (
			);
			runOnlyForDeploymentPostprocessing = 0;
			shellPath = /bin/sh;
			shellScript = "\"${SRCROOT}/Pods/Pods-test-resources.sh\"\n";
		};
/* End PBXShellScriptBuildPhase section */

/* Begin PBXSourcesBuildPhase section */
		BA39E408165A71A000738502 /* Sources */ = {
			isa = PBXSourcesBuildPhase;
			buildActionMask = 2147483647;
			files = (
				BA39E409165A71A000738502 /* main.m in Sources */,
				BA39E40A165A71A000738502 /* AppDelegate.m in Sources */,
				BA39E40B165A71A000738502 /* ViewController.m in Sources */,
				BA39E40C165A71A000738502 /* MBClient.m in Sources */,
				BA39E40D165A71A000738502 /* MBConst.mm in Sources */,
				BA39E40E165A71A000738502 /* MBController.m in Sources */,
				BA39E40F165A71A000738502 /* MBMessageBroker.mm in Sources */,
				BA39E410165A71A000738502 /* MBServer.m in Sources */,
				BA39E411165A71A000738502 /* MBControllerBackend.m in Sources */,
				BA39E412165A71A000738502 /* Settings.m in Sources */,
				BA39E413165A71A000738502 /* MBWebSocketHelper.mm in Sources */,
				BA7CA65D17BCB87B0063C464 /* EULAViewController.m in Sources */,
				BAE9B2FB17D71611005587C6 /* MBControllerRate.m in Sources */,
			);
			runOnlyForDeploymentPostprocessing = 0;
		};
		BAB8959415D00DDB007402DE /* Sources */ = {
			isa = PBXSourcesBuildPhase;
			buildActionMask = 2147483647;
			files = (
				BAB895A415D00DDB007402DE /* main.m in Sources */,
				BAB8966015D118CB007402DE /* MBWebSocketHelperTest.m in Sources */,
				BAB8966215D11966007402DE /* MBWebSocketHelper.mm in Sources */,
				BAB8966915D14154007402DE /* MBConstTest.m in Sources */,
				BAB8966A15D141DC007402DE /* MBConst.mm in Sources */,
				BAB896D115D26927007402DE /* MBControllerMessageGeneratingTest.m in Sources */,
				BAB896D315D269A3007402DE /* MBController.m in Sources */,
				BAB896D415D27439007402DE /* MBClient.m in Sources */,
				BA97100415D3BE7F00D69AE8 /* MBServerTest.m in Sources */,
				BA97100615D3C13300D69AE8 /* MBServer.m in Sources */,
				BA96E3FD15D4F80400B1E501 /* MBMessageBrokerTest.m in Sources */,
				BA96E3FF15D4F8BA00B1E501 /* MBMessageBroker.mm in Sources */,
				BA96E40315D4FEAA00B1E501 /* MBTestConst.m in Sources */,
				BAA6B79915D8F30400361EAB /* MBWebSocketHandshakeTest.m in Sources */,
				BAB3148217268CD800243CAC /* MBControllerTest.m in Sources */,
				BA0DC5D717295BD40007C49A /* MBControllerBackendTest.m in Sources */,
				BA0DC5D817295E690007C49A /* MBControllerBackend.m in Sources */,
				BA06079F173A6E1600381DE8 /* SettingsTest.m in Sources */,
				BA0607A3173CD7F800381DE8 /* Settings.m in Sources */,
			);
			runOnlyForDeploymentPostprocessing = 0;
		};
		BAC5A21A17B8EDE4000BD6F6 /* Sources */ = {
			isa = PBXSourcesBuildPhase;
			buildActionMask = 2147483647;
			files = (
				BAC5A21B17B8EDE4000BD6F6 /* main.m in Sources */,
				BAC5A21C17B8EDE4000BD6F6 /* AppDelegate.m in Sources */,
				BAC5A21D17B8EDE4000BD6F6 /* ViewController.m in Sources */,
				BAC5A21E17B8EDE4000BD6F6 /* MBClient.m in Sources */,
				BAC5A21F17B8EDE4000BD6F6 /* MBConst.mm in Sources */,
				BAC5A22017B8EDE4000BD6F6 /* MBController.m in Sources */,
				BAC5A22117B8EDE4000BD6F6 /* MBMessageBroker.mm in Sources */,
				BAC5A22217B8EDE4000BD6F6 /* MBServer.m in Sources */,
				BAC5A22317B8EDE4000BD6F6 /* MBControllerBackend.m in Sources */,
				BAC5A22417B8EDE4000BD6F6 /* Settings.m in Sources */,
				BAC5A22517B8EDE4000BD6F6 /* MBWebSocketHelper.mm in Sources */,
				BA7CA65E17BCB87B0063C464 /* EULAViewController.m in Sources */,
				BAE9B2FC17D71611005587C6 /* MBControllerRate.m in Sources */,
			);
			runOnlyForDeploymentPostprocessing = 0;
		};
		FF41AD6B14BCB67800153039 /* Sources */ = {
			isa = PBXSourcesBuildPhase;
			buildActionMask = 2147483647;
			files = (
				FF41AD8014BCB67800153039 /* main.m in Sources */,
				FF41AD8414BCB67800153039 /* AppDelegate.m in Sources */,
				FF41AD8714BCB67800153039 /* ViewController.m in Sources */,
				BA461E9B15A5D3620078846F /* MBClient.m in Sources */,
				BA461E9C15A5D3620078846F /* MBConst.mm in Sources */,
				BA461E9D15A5D3620078846F /* MBController.m in Sources */,
				BA461E9E15A5D3620078846F /* MBMessageBroker.mm in Sources */,
				BA461E9F15A5D3620078846F /* MBServer.m in Sources */,
				BA461EAA15A6E1640078846F /* MBControllerBackend.m in Sources */,
				BA461EAE15A6FC3C0078846F /* Settings.m in Sources */,
				BAFBFD2D15AAF94B00917687 /* MBWebSocketHelper.mm in Sources */,
				BA7CA65C17BCB87B0063C464 /* EULAViewController.m in Sources */,
				BAE9B2FA17D71611005587C6 /* MBControllerRate.m in Sources */,
			);
			runOnlyForDeploymentPostprocessing = 0;
		};
/* End PBXSourcesBuildPhase section */

/* Begin PBXVariantGroup section */
		BAB895A015D00DDB007402DE /* InfoPlist.strings */ = {
			isa = PBXVariantGroup;
			children = (
				BAB895A115D00DDB007402DE /* en */,
			);
			name = InfoPlist.strings;
			sourceTree = "<group>";
		};
		FF41AD7C14BCB67800153039 /* InfoPlist.strings */ = {
			isa = PBXVariantGroup;
			children = (
				FF41AD7D14BCB67800153039 /* en */,
			);
			name = InfoPlist.strings;
			sourceTree = "<group>";
		};
		FF41AD8814BCB67900153039 /* ViewController_iPhone.xib */ = {
			isa = PBXVariantGroup;
			children = (
				FF41AD8914BCB67900153039 /* en */,
			);
			name = ViewController_iPhone.xib;
			sourceTree = "<group>";
		};
		FF41AD8B14BCB67900153039 /* ViewController_iPad.xib */ = {
			isa = PBXVariantGroup;
			children = (
				FF41AD8C14BCB67900153039 /* en */,
			);
			name = ViewController_iPad.xib;
			sourceTree = "<group>";
		};
/* End PBXVariantGroup section */

/* Begin XCBuildConfiguration section */
		BA19C374162C1B7200BF2751 /* Adhoc */ = {
			isa = XCBuildConfiguration;
			buildSettings = {
				ALWAYS_SEARCH_USER_PATHS = NO;
				ARCHS = "$(ARCHS_STANDARD_32_BIT)";
				CLANG_ENABLE_OBJC_ARC = YES;
				CLANG_WARN_CONSTANT_CONVERSION = YES;
				CLANG_WARN_ENUM_CONVERSION = YES;
				CLANG_WARN_INT_CONVERSION = YES;
				CLANG_WARN__DUPLICATE_METHOD_MATCH = YES;
				CODE_SIGN_IDENTITY = "iPhone Distribution";
				"CODE_SIGN_IDENTITY[sdk=iphoneos*]" = "iPhone Distribution";
				COPY_PHASE_STRIP = YES;
				GCC_C_LANGUAGE_STANDARD = gnu99;
				GCC_PREPROCESSOR_DEFINITIONS = (
					ENABLE_TESTING_FEATURES,
					"$(inherited)",
				);
				GCC_VERSION = com.apple.compilers.llvm.clang.1_0;
				GCC_WARN_ABOUT_MISSING_PROTOTYPES = YES;
				GCC_WARN_ABOUT_RETURN_TYPE = YES;
				GCC_WARN_UNINITIALIZED_AUTOS = YES;
				GCC_WARN_UNUSED_VARIABLE = YES;
				IPHONEOS_DEPLOYMENT_TARGET = 4.3;
				OTHER_CFLAGS = (
					"-Wall",
					"-Wextra",
					"-DNS_BLOCK_ASSERTIONS=1",
				);
				OTHER_LDFLAGS = "-fobjc-arc";
				PROVISIONING_PROFILE = "";
				"PROVISIONING_PROFILE[sdk=iphoneos*]" = "";
				SDKROOT = iphoneos;
				TARGETED_DEVICE_FAMILY = "1,2";
				VALIDATE_PRODUCT = YES;
			};
			name = Adhoc;
		};
		BA19C375162C1B7200BF2751 /* Adhoc */ = {
			isa = XCBuildConfiguration;
			baseConfigurationReference = B30E2CA54ED146089E86260C /* Pods.xcconfig */;
			buildSettings = {
				ARCHS = "$(ARCHS_STANDARD_32_BIT)";
				"CODE_SIGN_IDENTITY[sdk=iphoneos*]" = "iPhone Distribution";
				FRAMEWORK_SEARCH_PATHS = (
					"$(inherited)",
					"\"$(SRCROOT)/avatar\"",
				);
				GCC_PRECOMPILE_PREFIX_HEADER = YES;
				GCC_PREFIX_HEADER = "avatar/avatar-Prefix.pch";
				GCC_PREPROCESSOR_DEFINITIONS = (
					"$(inherited)",
					"LANG=en",
				);
				INFOPLIST_FILE = "avatar/avatar-Info.plist";
				ONLY_ACTIVE_ARCH = NO;
				PRODUCT_NAME = MFT_Guide;
				"PROVISIONING_PROFILE[sdk=iphoneos*]" = "";
				WRAPPER_EXTENSION = app;
			};
			name = Adhoc;
		};
		BA19C376162C1B7300BF2751 /* Adhoc */ = {
			isa = XCBuildConfiguration;
			baseConfigurationReference = 05B2A61AB54C4DD5A8F02FE1 /* Pods-test.xcconfig */;
			buildSettings = {
				ARCHS = "$(ARCHS_STANDARD_32_BIT)";
				CLANG_CXX_LANGUAGE_STANDARD = "gnu++0x";
				CLANG_WARN__DUPLICATE_METHOD_MATCH = YES;
				"CODE_SIGN_IDENTITY[sdk=iphoneos*]" = "iPhone Developer";
				GCC_PRECOMPILE_PREFIX_HEADER = YES;
				GCC_PREFIX_HEADER = "test/test-Prefix.pch";
				GCC_WARN_UNINITIALIZED_AUTOS = YES;
				INFOPLIST_FILE = "test/test-Info.plist";
				PRODUCT_NAME = "$(TARGET_NAME)";
				WRAPPER_EXTENSION = app;
			};
			name = Adhoc;
		};
		BA39E43B165A71A000738502 /* Debug */ = {
			isa = XCBuildConfiguration;
			baseConfigurationReference = B30E2CA54ED146089E86260C /* Pods.xcconfig */;
			buildSettings = {
				ARCHS = "$(ARCHS_STANDARD_32_BIT)";
				"CODE_SIGN_IDENTITY[sdk=iphoneos*]" = "iPhone Developer";
				FRAMEWORK_SEARCH_PATHS = (
					"$(inherited)",
					"\"$(SRCROOT)/avatar\"",
				);
				GCC_PRECOMPILE_PREFIX_HEADER = YES;
				GCC_PREFIX_HEADER = "avatar/avatar-Prefix.pch";
				GCC_PREPROCESSOR_DEFINITIONS = (
					"DEBUG=1",
					ENABLE_TESTING_FEATURES,
					"LANG=fr",
					"$(inherited)",
				);
				INFOPLIST_FILE = "$(SRCROOT)/avatar/avatar-french-Info.plist";
				ONLY_ACTIVE_ARCH = NO;
				PRODUCT_NAME = MFT_Guide_French;
				"PROVISIONING_PROFILE[sdk=iphoneos*]" = "";
				WRAPPER_EXTENSION = app;
			};
			name = Debug;
		};
		BA39E43C165A71A000738502 /* Release */ = {
			isa = XCBuildConfiguration;
			baseConfigurationReference = B30E2CA54ED146089E86260C /* Pods.xcconfig */;
			buildSettings = {
				ARCHS = "$(ARCHS_STANDARD_32_BIT)";
				"CODE_SIGN_IDENTITY[sdk=iphoneos*]" = "iPhone Distribution";
				FRAMEWORK_SEARCH_PATHS = (
					"$(inherited)",
					"\"$(SRCROOT)/avatar\"",
				);
				GCC_PRECOMPILE_PREFIX_HEADER = YES;
				GCC_PREFIX_HEADER = "avatar/avatar-Prefix.pch";
				GCC_PREPROCESSOR_DEFINITIONS = (
					"LANG=fr",
					"$(inherited)",
				);
				INFOPLIST_FILE = "$(SRCROOT)/avatar/avatar-french-Info.plist";
				ONLY_ACTIVE_ARCH = NO;
				PRODUCT_NAME = MFT_Guide_French;
				"PROVISIONING_PROFILE[sdk=iphoneos*]" = "";
				WRAPPER_EXTENSION = app;
			};
			name = Release;
		};
		BA39E43D165A71A000738502 /* Adhoc */ = {
			isa = XCBuildConfiguration;
			baseConfigurationReference = B30E2CA54ED146089E86260C /* Pods.xcconfig */;
			buildSettings = {
				ARCHS = "$(ARCHS_STANDARD_32_BIT)";
				"CODE_SIGN_IDENTITY[sdk=iphoneos*]" = "iPhone Distribution";
				FRAMEWORK_SEARCH_PATHS = (
					"$(inherited)",
					"\"$(SRCROOT)/avatar\"",
				);
				GCC_PRECOMPILE_PREFIX_HEADER = YES;
				GCC_PREFIX_HEADER = "avatar/avatar-Prefix.pch";
				GCC_PREPROCESSOR_DEFINITIONS = (
					ENABLE_TESTING_FEATURES,
					"LANG=fr",
					"$(inherited)",
				);
				INFOPLIST_FILE = "$(SRCROOT)/avatar/avatar-french-Info.plist";
				ONLY_ACTIVE_ARCH = NO;
				PRODUCT_NAME = MFT_Guide_French;
				"PROVISIONING_PROFILE[sdk=iphoneos*]" = "";
				WRAPPER_EXTENSION = app;
			};
			name = Adhoc;
		};
		BAB895B015D00DDB007402DE /* Debug */ = {
			isa = XCBuildConfiguration;
			baseConfigurationReference = 05B2A61AB54C4DD5A8F02FE1 /* Pods-test.xcconfig */;
			buildSettings = {
				ARCHS = "$(ARCHS_STANDARD_32_BIT)";
				CLANG_CXX_LANGUAGE_STANDARD = "gnu++0x";
				CLANG_WARN__DUPLICATE_METHOD_MATCH = YES;
				"CODE_SIGN_IDENTITY[sdk=iphoneos*]" = "iPhone Developer";
				GCC_PRECOMPILE_PREFIX_HEADER = YES;
				GCC_PREFIX_HEADER = "test/test-Prefix.pch";
				GCC_WARN_UNINITIALIZED_AUTOS = YES;
				INFOPLIST_FILE = "test/test-Info.plist";
				PRODUCT_NAME = "$(TARGET_NAME)";
				WRAPPER_EXTENSION = app;
			};
			name = Debug;
		};
		BAB895B115D00DDB007402DE /* Release */ = {
			isa = XCBuildConfiguration;
			baseConfigurationReference = 05B2A61AB54C4DD5A8F02FE1 /* Pods-test.xcconfig */;
			buildSettings = {
				ARCHS = "$(ARCHS_STANDARD_32_BIT)";
				CLANG_CXX_LANGUAGE_STANDARD = "gnu++0x";
				CLANG_WARN__DUPLICATE_METHOD_MATCH = YES;
				"CODE_SIGN_IDENTITY[sdk=iphoneos*]" = "iPhone Developer";
				GCC_PRECOMPILE_PREFIX_HEADER = YES;
				GCC_PREFIX_HEADER = "test/test-Prefix.pch";
				GCC_WARN_UNINITIALIZED_AUTOS = YES;
				INFOPLIST_FILE = "test/test-Info.plist";
				PRODUCT_NAME = "$(TARGET_NAME)";
				WRAPPER_EXTENSION = app;
			};
			name = Release;
		};
		BAC5A24617B8EDE4000BD6F6 /* Debug */ = {
			isa = XCBuildConfiguration;
			baseConfigurationReference = B30E2CA54ED146089E86260C /* Pods.xcconfig */;
			buildSettings = {
				ARCHS = "$(ARCHS_STANDARD_32_BIT)";
				"CODE_SIGN_IDENTITY[sdk=iphoneos*]" = "iPhone Developer";
				FRAMEWORK_SEARCH_PATHS = (
					"$(inherited)",
					"\"$(SRCROOT)/avatar\"",
				);
				GCC_PRECOMPILE_PREFIX_HEADER = YES;
				GCC_PREFIX_HEADER = "avatar/avatar-Prefix.pch";
				GCC_PREPROCESSOR_DEFINITIONS = (
					"DEBUG=1",
					ENABLE_TESTING_FEATURES,
					"LANG=es",
					"$(inherited)",
				);
				INFOPLIST_FILE = "$(SRCROOT)/avatar/avatar-spanish-Info.plist";
				ONLY_ACTIVE_ARCH = NO;
				PRODUCT_NAME = MFT_Guide_Spanish;
				"PROVISIONING_PROFILE[sdk=iphoneos*]" = "";
				WRAPPER_EXTENSION = app;
			};
			name = Debug;
		};
		BAC5A24717B8EDE4000BD6F6 /* Release */ = {
			isa = XCBuildConfiguration;
			baseConfigurationReference = B30E2CA54ED146089E86260C /* Pods.xcconfig */;
			buildSettings = {
				ARCHS = "$(ARCHS_STANDARD_32_BIT)";
				"CODE_SIGN_IDENTITY[sdk=iphoneos*]" = "iPhone Distribution";
				FRAMEWORK_SEARCH_PATHS = (
					"$(inherited)",
					"\"$(SRCROOT)/avatar\"",
				);
				GCC_PRECOMPILE_PREFIX_HEADER = YES;
				GCC_PREFIX_HEADER = "avatar/avatar-Prefix.pch";
				GCC_PREPROCESSOR_DEFINITIONS = (
					"LANG=es",
					"$(inherited)",
				);
				INFOPLIST_FILE = "$(SRCROOT)/avatar/avatar-spanish-Info.plist";
				ONLY_ACTIVE_ARCH = NO;
				PRODUCT_NAME = MFT_Guide_Spanish;
				"PROVISIONING_PROFILE[sdk=iphoneos*]" = "";
				WRAPPER_EXTENSION = app;
			};
			name = Release;
		};
		BAC5A24817B8EDE4000BD6F6 /* Adhoc */ = {
			isa = XCBuildConfiguration;
			baseConfigurationReference = B30E2CA54ED146089E86260C /* Pods.xcconfig */;
			buildSettings = {
				ARCHS = "$(ARCHS_STANDARD_32_BIT)";
				"CODE_SIGN_IDENTITY[sdk=iphoneos*]" = "iPhone Distribution";
				FRAMEWORK_SEARCH_PATHS = (
					"$(inherited)",
					"\"$(SRCROOT)/avatar\"",
				);
				GCC_PRECOMPILE_PREFIX_HEADER = YES;
				GCC_PREFIX_HEADER = "avatar/avatar-Prefix.pch";
				GCC_PREPROCESSOR_DEFINITIONS = (
					ENABLE_TESTING_FEATURES,
					"LANG=es",
					"$(inherited)",
				);
				INFOPLIST_FILE = "$(SRCROOT)/avatar/avatar-spanish-Info.plist";
				ONLY_ACTIVE_ARCH = NO;
				PRODUCT_NAME = MFT_Guide_Spanish;
				"PROVISIONING_PROFILE[sdk=iphoneos*]" = "";
				WRAPPER_EXTENSION = app;
			};
			name = Adhoc;
		};
		FF41AD8E14BCB67900153039 /* Debug */ = {
			isa = XCBuildConfiguration;
			buildSettings = {
				ALWAYS_SEARCH_USER_PATHS = NO;
				ARCHS = "$(ARCHS_STANDARD_32_BIT)";
				CLANG_ENABLE_OBJC_ARC = YES;
				CLANG_WARN_CONSTANT_CONVERSION = YES;
				CLANG_WARN_ENUM_CONVERSION = YES;
				CLANG_WARN_INT_CONVERSION = YES;
				CLANG_WARN__DUPLICATE_METHOD_MATCH = YES;
				CODE_SIGN_IDENTITY = "iPhone Developer";
				"CODE_SIGN_IDENTITY[sdk=iphoneos*]" = "iPhone Developer";
				COPY_PHASE_STRIP = NO;
				GCC_C_LANGUAGE_STANDARD = gnu99;
				GCC_DYNAMIC_NO_PIC = NO;
				GCC_OPTIMIZATION_LEVEL = 0;
				GCC_PREPROCESSOR_DEFINITIONS = (
					"DEBUG=1",
					ENABLE_TESTING_FEATURES,
					"$(inherited)",
				);
				GCC_SYMBOLS_PRIVATE_EXTERN = NO;
				GCC_VERSION = com.apple.compilers.llvm.clang.1_0;
				GCC_WARN_ABOUT_MISSING_PROTOTYPES = YES;
				GCC_WARN_ABOUT_RETURN_TYPE = YES;
				GCC_WARN_UNINITIALIZED_AUTOS = YES;
				GCC_WARN_UNUSED_VARIABLE = YES;
				IPHONEOS_DEPLOYMENT_TARGET = 4.3;
				OTHER_CFLAGS = (
					"-Wall",
					"-Wextra",
				);
				OTHER_LDFLAGS = "-fobjc-arc";
				PROVISIONING_PROFILE = "";
				SDKROOT = iphoneos;
				TARGETED_DEVICE_FAMILY = "1,2";
			};
			name = Debug;
		};
		FF41AD8F14BCB67900153039 /* Release */ = {
			isa = XCBuildConfiguration;
			buildSettings = {
				ALWAYS_SEARCH_USER_PATHS = NO;
				ARCHS = "$(ARCHS_STANDARD_32_BIT)";
				CLANG_ENABLE_OBJC_ARC = YES;
				CLANG_WARN_CONSTANT_CONVERSION = YES;
				CLANG_WARN_ENUM_CONVERSION = YES;
				CLANG_WARN_INT_CONVERSION = YES;
				CLANG_WARN__DUPLICATE_METHOD_MATCH = YES;
				CODE_SIGN_IDENTITY = "iPhone Distribution";
				"CODE_SIGN_IDENTITY[sdk=iphoneos*]" = "iPhone Distribution";
				COPY_PHASE_STRIP = YES;
				GCC_C_LANGUAGE_STANDARD = gnu99;
				GCC_VERSION = com.apple.compilers.llvm.clang.1_0;
				GCC_WARN_ABOUT_MISSING_PROTOTYPES = YES;
				GCC_WARN_ABOUT_RETURN_TYPE = YES;
				GCC_WARN_UNINITIALIZED_AUTOS = YES;
				GCC_WARN_UNUSED_VARIABLE = YES;
				IPHONEOS_DEPLOYMENT_TARGET = 4.3;
				OTHER_CFLAGS = (
					"-Wall",
					"-Wextra",
					"-DNS_BLOCK_ASSERTIONS=1",
				);
				OTHER_LDFLAGS = "-fobjc-arc";
				PROVISIONING_PROFILE = "";
				"PROVISIONING_PROFILE[sdk=iphoneos*]" = "";
				SDKROOT = iphoneos;
				TARGETED_DEVICE_FAMILY = "1,2";
				VALIDATE_PRODUCT = YES;
			};
			name = Release;
		};
		FF41AD9114BCB67900153039 /* Debug */ = {
			isa = XCBuildConfiguration;
			baseConfigurationReference = B30E2CA54ED146089E86260C /* Pods.xcconfig */;
			buildSettings = {
				ARCHS = "$(ARCHS_STANDARD_32_BIT)";
				"CODE_SIGN_IDENTITY[sdk=iphoneos*]" = "iPhone Developer";
				FRAMEWORK_SEARCH_PATHS = (
					"$(inherited)",
					"\"$(SRCROOT)/avatar\"",
				);
				GCC_PRECOMPILE_PREFIX_HEADER = YES;
				GCC_PREFIX_HEADER = "avatar/avatar-Prefix.pch";
				GCC_PREPROCESSOR_DEFINITIONS = (
					"$(inherited)",
					"LANG=en",
				);
				INFOPLIST_FILE = "avatar/avatar-Info.plist";
				ONLY_ACTIVE_ARCH = NO;
				PRODUCT_NAME = MFT_Guide;
				"PROVISIONING_PROFILE[sdk=iphoneos*]" = "";
				WRAPPER_EXTENSION = app;
			};
			name = Debug;
		};
		FF41AD9214BCB67900153039 /* Release */ = {
			isa = XCBuildConfiguration;
			baseConfigurationReference = B30E2CA54ED146089E86260C /* Pods.xcconfig */;
			buildSettings = {
				ARCHS = "$(ARCHS_STANDARD_32_BIT)";
				"CODE_SIGN_IDENTITY[sdk=iphoneos*]" = "iPhone Distribution";
				FRAMEWORK_SEARCH_PATHS = (
					"$(inherited)",
					"\"$(SRCROOT)/avatar\"",
				);
				GCC_PRECOMPILE_PREFIX_HEADER = YES;
				GCC_PREFIX_HEADER = "avatar/avatar-Prefix.pch";
				GCC_PREPROCESSOR_DEFINITIONS = (
					"$(inherited)",
					"LANG=en",
				);
				INFOPLIST_FILE = "avatar/avatar-Info.plist";
				ONLY_ACTIVE_ARCH = NO;
				PRODUCT_NAME = MFT_Guide;
				"PROVISIONING_PROFILE[sdk=iphoneos*]" = "";
				WRAPPER_EXTENSION = app;
			};
			name = Release;
		};
/* End XCBuildConfiguration section */

/* Begin XCConfigurationList section */
		BA39E43A165A71A000738502 /* Build configuration list for PBXNativeTarget "avatar-french" */ = {
			isa = XCConfigurationList;
			buildConfigurations = (
				BA39E43B165A71A000738502 /* Debug */,
				BA39E43C165A71A000738502 /* Release */,
				BA39E43D165A71A000738502 /* Adhoc */,
			);
			defaultConfigurationIsVisible = 0;
			defaultConfigurationName = Release;
		};
		BAB895AF15D00DDB007402DE /* Build configuration list for PBXNativeTarget "test" */ = {
			isa = XCConfigurationList;
			buildConfigurations = (
				BAB895B015D00DDB007402DE /* Debug */,
				BAB895B115D00DDB007402DE /* Release */,
				BA19C376162C1B7300BF2751 /* Adhoc */,
			);
			defaultConfigurationIsVisible = 0;
			defaultConfigurationName = Release;
		};
		BAC5A24517B8EDE4000BD6F6 /* Build configuration list for PBXNativeTarget "avatar-spanish" */ = {
			isa = XCConfigurationList;
			buildConfigurations = (
				BAC5A24617B8EDE4000BD6F6 /* Debug */,
				BAC5A24717B8EDE4000BD6F6 /* Release */,
				BAC5A24817B8EDE4000BD6F6 /* Adhoc */,
			);
			defaultConfigurationIsVisible = 0;
			defaultConfigurationName = Release;
		};
		FF41AD6914BCB67800153039 /* Build configuration list for PBXProject "avatar" */ = {
			isa = XCConfigurationList;
			buildConfigurations = (
				FF41AD8E14BCB67900153039 /* Debug */,
				FF41AD8F14BCB67900153039 /* Release */,
				BA19C374162C1B7200BF2751 /* Adhoc */,
			);
			defaultConfigurationIsVisible = 0;
			defaultConfigurationName = Release;
		};
		FF41AD9014BCB67900153039 /* Build configuration list for PBXNativeTarget "avatar" */ = {
			isa = XCConfigurationList;
			buildConfigurations = (
				FF41AD9114BCB67900153039 /* Debug */,
				FF41AD9214BCB67900153039 /* Release */,
				BA19C375162C1B7200BF2751 /* Adhoc */,
			);
			defaultConfigurationIsVisible = 0;
			defaultConfigurationName = Release;
		};
/* End XCConfigurationList section */
	};
	rootObject = FF41AD6614BCB67800153039 /* Project object */;
}
